<?xml version="1.0" encoding="utf-8"?>
<Project ToolsVersion="4.0" xmlns="http://schemas.microsoft.com/developer/msbuild/2003">
  <ItemGroup>
    <Filter Include="Actors">
      <UniqueIdentifier>{D152BFA6-BDF4-E97C-A6AF-FDD092F070CD}</UniqueIdentifier>
    </Filter>
    <Filter Include="GameModes">
      <UniqueIdentifier>{9764667D-03CF-1AF4-4C0D-CC99B8B6F848}</UniqueIdentifier>
    </Filter>
  </ItemGroup>
  <ItemGroup>
    <ClInclude Include="src\Actors\PlayerCharacter.h">
      <Filter>Actors</Filter>
    </ClInclude>
    <ClInclude Include="src\Actors\ZombieCharacter.h">
      <Filter>Actors</Filter>
    </ClInclude>
    <ClInclude Include="src\Actors\ZombieTestActor.h">
      <Filter>Actors</Filter>
    </ClInclude>
    <ClInclude Include="src\Azure2D.h" />
    <ClInclude Include="src\GameLayer.h" />
    <ClInclude Include="src\GameModes\ZombieGameMode.h">
      <Filter>GameModes</Filter>
    </ClInclude>
  </ItemGroup>
  <ItemGroup>
    <ClCompile Include="src\Actors\PlayerCharacter.cpp">
      <Filter>Actors</Filter>
    </ClCompile>
    <ClCompile Include="src\Actors\ZombieCharacter.cpp">
      <Filter>Actors</Filter>
    </ClCompile>
    <ClCompile Include="src\Actors\ZombieTestActor.cpp">
      <Filter>Actors</Filter>
    </ClCompile>
    <ClCompile Include="src\Azure.cpp" />
    <ClCompile Include="src\Azure2D.cpp" />
    <ClCompile Include="src\GameLayer.cpp" />
  </ItemGroup>
</Project>