
Microsoft Visual Studio Solution File, Format Version 12.00
# Visual Studio Version 16
Project("{2150E333-8FDC-42A3-9474-1A3956D46DE8}") = "misc", "misc", "{988EDA5D-8446-1CAB-ED4D-F506D924B79B}"
EndProject
Project("{8BC9CEB8-8B4A-11D0-8D11-00A0C91BC942}") = "Blu-Editor", "Blu-Editor\Blu-Editor.vcxproj", "{BC043B8F-A8BC-7CDC-11C4-5538FD9A17CD}"
	ProjectSection(ProjectDependencies) = postProject
		{08DA870B-74E3-877C-FD5E-9E7C6967937C} = {08DA870B-74E3-877C-FD5E-9E7C6967937C}
	EndProjectSection
EndProject
Project("{8BC9CEB8-8B4A-11D0-8D11-00A0C91BC942}") = "Azure", "Azure\Azure.vcxproj", "{EC1FDC0C-5834-04BE-21B6-A71D8D8900EF}"
EndProject
Project("{8BC9CEB8-8B4A-11D0-8D11-00A0C91BC942}") = "Blu", "Blu\Blu.vcxproj", "{08DA870B-74E3-877C-FD5E-9E7C6967937C}"
EndProject
Project("{2150E333-8FDC-42A3-9474-1A3956D46DE8}") = "Core", "Core", "{15A0C35D-0158-05AB-6A5F-DE065636A09B}"
EndProject
Project("{FAE04EC0-301F-11D3-BF4B-00C04F79EFBC}") = "Blu-ScriptCore", "Blu-ScriptCore\Blu-ScriptCore.csproj", "{735FAED0-5F2D-A2D6-48C1-12FD342E7E3B}"
EndProject
Project("{2150E333-8FDC-42A3-9474-1A3956D46DE8}") = "Dependencies", "Dependencies", "{53E47842-3FC8-3998-A828-34EB942B241A}"
EndProject
Project("{8BC9CEB8-8B4A-11D0-8D11-00A0C91BC942}") = "Box2D", "Blu\engine\ExternalDependencies\box2d\Box2D.vcxproj", "{A434E80C-1049-10BE-D9CA-B31D459E0CEF}"
EndProject
Project("{8BC9CEB8-8B4A-11D0-8D11-00A0C91BC942}") = "GLFW", "Blu\engine\ExternalDependencies\GLFW\GLFW.vcxproj", "{154B857C-0182-860D-AA6E-6C109684020F}"
EndProject
Project("{8BC9CEB8-8B4A-11D0-8D11-00A0C91BC942}") = "Glad", "Blu\engine\ExternalDependencies\Glad\Glad.vcxproj", "{BDD6857C-A90D-870D-52FA-6C103E10030F}"
EndProject
Project("{8BC9CEB8-8B4A-11D0-8D11-00A0C91BC942}") = "ImGui", "Blu\engine\ExternalDependencies\imgui\ImGui.vcxproj", "{C0FF640D-2C14-8DBE-F595-301E616989EF}"
EndProject
Project("{8BC9CEB8-8B4A-11D0-8D11-00A0C91BC942}") = "yaml", "Blu\engine\ExternalDependencies\yaml\yaml.vcxproj", "{7814A17C-644B-A20D-0D38-8810F94D1E0F}"
EndProject
Global
	GlobalSection(SolutionConfigurationPlatforms) = preSolution
		Debug|x64 = Debug|x64
		Dist|x64 = Dist|x64
		Release|x64 = Release|x64
	EndGlobalSection
	GlobalSection(ProjectConfigurationPlatforms) = postSolution
		{BC043B8F-A8BC-7CDC-11C4-5538FD9A17CD}.Debug|x64.ActiveCfg = Debug|x64
		{BC043B8F-A8BC-7CDC-11C4-5538FD9A17CD}.Debug|x64.Build.0 = Debug|x64
		{BC043B8F-A8BC-7CDC-11C4-5538FD9A17CD}.Dist|x64.ActiveCfg = Dist|x64
		{BC043B8F-A8BC-7CDC-11C4-5538FD9A17CD}.Dist|x64.Build.0 = Dist|x64
		{BC043B8F-A8BC-7CDC-11C4-5538FD9A17CD}.Release|x64.ActiveCfg = Release|x64
		{BC043B8F-A8BC-7CDC-11C4-5538FD9A17CD}.Release|x64.Build.0 = Release|x64
		{EC1FDC0C-5834-04BE-21B6-A71D8D8900EF}.Debug|x64.ActiveCfg = Debug|x64
		{EC1FDC0C-5834-04BE-21B6-A71D8D8900EF}.Debug|x64.Build.0 = Debug|x64
		{EC1FDC0C-5834-04BE-21B6-A71D8D8900EF}.Dist|x64.ActiveCfg = Dist|x64
		{EC1FDC0C-5834-04BE-21B6-A71D8D8900EF}.Dist|x64.Build.0 = Dist|x64
		{EC1FDC0C-5834-04BE-21B6-A71D8D8900EF}.Release|x64.ActiveCfg = Release|x64
		{EC1FDC0C-5834-04BE-21B6-A71D8D8900EF}.Release|x64.Build.0 = Release|x64
		{08DA870B-74E3-877C-FD5E-9E7C6967937C}.Debug|x64.ActiveCfg = Debug|x64
		{08DA870B-74E3-877C-FD5E-9E7C6967937C}.Debug|x64.Build.0 = Debug|x64
		{08DA870B-74E3-877C-FD5E-9E7C6967937C}.Dist|x64.ActiveCfg = Dist|x64
		{08DA870B-74E3-877C-FD5E-9E7C6967937C}.Dist|x64.Build.0 = Dist|x64
		{08DA870B-74E3-877C-FD5E-9E7C6967937C}.Release|x64.ActiveCfg = Release|x64
		{08DA870B-74E3-877C-FD5E-9E7C6967937C}.Release|x64.Build.0 = Release|x64
		{735FAED0-5F2D-A2D6-48C1-12FD342E7E3B}.Debug|x64.ActiveCfg = Debug|x64
		{735FAED0-5F2D-A2D6-48C1-12FD342E7E3B}.Debug|x64.Build.0 = Debug|x64
		{735FAED0-5F2D-A2D6-48C1-12FD342E7E3B}.Dist|x64.ActiveCfg = Dist|x64
		{735FAED0-5F2D-A2D6-48C1-12FD342E7E3B}.Dist|x64.Build.0 = Dist|x64
		{735FAED0-5F2D-A2D6-48C1-12FD342E7E3B}.Release|x64.ActiveCfg = Release|x64
		{735FAED0-5F2D-A2D6-48C1-12FD342E7E3B}.Release|x64.Build.0 = Release|x64
		{A434E80C-1049-10BE-D9CA-B31D459E0CEF}.Debug|x64.ActiveCfg = Debug|x64
		{A434E80C-1049-10BE-D9CA-B31D459E0CEF}.Debug|x64.Build.0 = Debug|x64
		{A434E80C-1049-10BE-D9CA-B31D459E0CEF}.Dist|x64.ActiveCfg = Dist|x64
		{A434E80C-1049-10BE-D9CA-B31D459E0CEF}.Dist|x64.Build.0 = Dist|x64
		{A434E80C-1049-10BE-D9CA-B31D459E0CEF}.Release|x64.ActiveCfg = Release|x64
		{A434E80C-1049-10BE-D9CA-B31D459E0CEF}.Release|x64.Build.0 = Release|x64
		{154B857C-0182-860D-AA6E-6C109684020F}.Debug|x64.ActiveCfg = Debug|x64
		{154B857C-0182-860D-AA6E-6C109684020F}.Debug|x64.Build.0 = Debug|x64
		{154B857C-0182-860D-AA6E-6C109684020F}.Dist|x64.ActiveCfg = Dist|x64
		{154B857C-0182-860D-AA6E-6C109684020F}.Dist|x64.Build.0 = Dist|x64
		{154B857C-0182-860D-AA6E-6C109684020F}.Release|x64.ActiveCfg = Release|x64
		{154B857C-0182-860D-AA6E-6C109684020F}.Release|x64.Build.0 = Release|x64
		{BDD6857C-A90D-870D-52FA-6C103E10030F}.Debug|x64.ActiveCfg = Debug|x64
		{BDD6857C-A90D-870D-52FA-6C103E10030F}.Debug|x64.Build.0 = Debug|x64
		{BDD6857C-A90D-870D-52FA-6C103E10030F}.Dist|x64.ActiveCfg = Dist|x64
		{BDD6857C-A90D-870D-52FA-6C103E10030F}.Dist|x64.Build.0 = Dist|x64
		{BDD6857C-A90D-870D-52FA-6C103E10030F}.Release|x64.ActiveCfg = Release|x64
		{BDD6857C-A90D-870D-52FA-6C103E10030F}.Release|x64.Build.0 = Release|x64
		{C0FF640D-2C14-8DBE-F595-301E616989EF}.Debug|x64.ActiveCfg = Debug|x64
		{C0FF640D-2C14-8DBE-F595-301E616989EF}.Debug|x64.Build.0 = Debug|x64
		{C0FF640D-2C14-8DBE-F595-301E616989EF}.Dist|x64.ActiveCfg = Dist|x64
		{C0FF640D-2C14-8DBE-F595-301E616989EF}.Dist|x64.Build.0 = Dist|x64
		{C0FF640D-2C14-8DBE-F595-301E616989EF}.Release|x64.ActiveCfg = Release|x64
		{C0FF640D-2C14-8DBE-F595-301E616989EF}.Release|x64.Build.0 = Release|x64
		{7814A17C-644B-A20D-0D38-8810F94D1E0F}.Debug|x64.ActiveCfg = Debug|x64
		{7814A17C-644B-A20D-0D38-8810F94D1E0F}.Debug|x64.Build.0 = Debug|x64
		{7814A17C-644B-A20D-0D38-8810F94D1E0F}.Dist|x64.ActiveCfg = Dist|x64
		{7814A17C-644B-A20D-0D38-8810F94D1E0F}.Dist|x64.Build.0 = Dist|x64
		{7814A17C-644B-A20D-0D38-8810F94D1E0F}.Release|x64.ActiveCfg = Release|x64
		{7814A17C-644B-A20D-0D38-8810F94D1E0F}.Release|x64.Build.0 = Release|x64
	EndGlobalSection
	GlobalSection(SolutionProperties) = preSolution
		HideSolutionNode = FALSE
	EndGlobalSection
	GlobalSection(NestedProjects) = preSolution
		{BC043B8F-A8BC-7CDC-11C4-5538FD9A17CD} = {988EDA5D-8446-1CAB-ED4D-F506D924B79B}
		{EC1FDC0C-5834-04BE-21B6-A71D8D8900EF} = {988EDA5D-8446-1CAB-ED4D-F506D924B79B}
		{08DA870B-74E3-877C-FD5E-9E7C6967937C} = {988EDA5D-8446-1CAB-ED4D-F506D924B79B}
		{735FAED0-5F2D-A2D6-48C1-12FD342E7E3B} = {15A0C35D-0158-05AB-6A5F-DE065636A09B}
		{A434E80C-1049-10BE-D9CA-B31D459E0CEF} = {53E47842-3FC8-3998-A828-34EB942B241A}
		{154B857C-0182-860D-AA6E-6C109684020F} = {53E47842-3FC8-3998-A828-34EB942B241A}
		{BDD6857C-A90D-870D-52FA-6C103E10030F} = {53E47842-3FC8-3998-A828-34EB942B241A}
		{C0FF640D-2C14-8DBE-F595-301E616989EF} = {53E47842-3FC8-3998-A828-34EB942B241A}
		{7814A17C-644B-A20D-0D38-8810F94D1E0F} = {53E47842-3FC8-3998-A828-34EB942B241A}
	EndGlobalSection
EndGlobal
