<?xml version="1.0" encoding="utf-8"?>
<Project ToolsVersion="4.0" xmlns="http://schemas.microsoft.com/developer/msbuild/2003">
  <ItemGroup>
    <Filter Include="ExternalDependencies">
      <UniqueIdentifier>{EFA515CE-DB34-9F97-8453-B39270C1AF3D}</UniqueIdentifier>
    </Filter>
    <Filter Include="ExternalDependencies\glm">
      <UniqueIdentifier>{BE8F608B-AAB4-AF0B-D3FF-949BBF83AE29}</UniqueIdentifier>
    </Filter>
    <Filter Include="ExternalDependencies\glm\glm">
      <UniqueIdentifier>{0DC99964-F983-8910-A23B-025B8ED5D3A0}</UniqueIdentifier>
    </Filter>
    <Filter Include="ExternalDependencies\glm\glm\detail">
      <UniqueIdentifier>{2F708FE0-9B29-FA8A-2489-14659041B0FA}</UniqueIdentifier>
    </Filter>
    <Filter Include="ExternalDependencies\glm\glm\ext">
      <UniqueIdentifier>{ED0A5D3F-D95B-4881-02C0-3643EE6FDBEA}</UniqueIdentifier>
    </Filter>
    <Filter Include="ExternalDependencies\glm\glm\gtc">
      <UniqueIdentifier>{DA125D3F-C663-4881-EFC7-3643DB77DBEA}</UniqueIdentifier>
    </Filter>
    <Filter Include="ExternalDependencies\glm\glm\gtx">
      <UniqueIdentifier>{EF125D3F-DB63-4881-04C8-3643F077DBEA}</UniqueIdentifier>
    </Filter>
    <Filter Include="ExternalDependencies\glm\glm\simd">
      <UniqueIdentifier>{89D5052B-F543-5BAA-3E2D-16AAAADA5046}</UniqueIdentifier>
    </Filter>
    <Filter Include="ExternalDependencies\stb_image">
      <UniqueIdentifier>{49CD6FEB-35F3-3952-1E39-BF1D0AFE5E1E}</UniqueIdentifier>
    </Filter>
    <Filter Include="src">
      <UniqueIdentifier>{2DAB880B-99B4-887C-2230-9F7C8E38947C}</UniqueIdentifier>
    </Filter>
    <Filter Include="src\Blu">
      <UniqueIdentifier>{9F662FA9-0B46-AE44-145E-391B80BC14A6}</UniqueIdentifier>
    </Filter>
    <Filter Include="src\Blu\Core">
      <UniqueIdentifier>{57861C23-43E9-ABC7-EC6E-E47DD8B0774A}</UniqueIdentifier>
    </Filter>
    <Filter Include="src\Blu\Events">
      <UniqueIdentifier>{A3897961-8F57-6D67-78EB-DD8D645849CC}</UniqueIdentifier>
    </Filter>
    <Filter Include="src\Blu\ImGui">
      <UniqueIdentifier>{09171887-75D7-93BD-3E12-DD3AAA91D899}</UniqueIdentifier>
    </Filter>
    <Filter Include="src\Blu\Platform">
      <UniqueIdentifier>{D38520C2-BF7E-3F14-E8B0-2499D4081F20}</UniqueIdentifier>
    </Filter>
    <Filter Include="src\Blu\Platform\OpenGL">
      <UniqueIdentifier>{A70358EE-133B-A085-1C45-04A988FBC67E}</UniqueIdentifier>
    </Filter>
    <Filter Include="src\Blu\Platform\Windows">
      <UniqueIdentifier>{0D537411-F977-C391-22C3-A8210E47C2AF}</UniqueIdentifier>
    </Filter>
    <Filter Include="src\Blu\Rendering">
      <UniqueIdentifier>{AC42AF3C-1859-ADD2-61D0-38F4CD257E5A}</UniqueIdentifier>
    </Filter>
  </ItemGroup>
  <ItemGroup>
    <ClInclude Include="engine\ExternalDependencies\glm\glm\common.hpp">
      <Filter>ExternalDependencies\glm\glm</Filter>
    </ClInclude>
    <ClInclude Include="engine\ExternalDependencies\glm\glm\detail\_features.hpp">
      <Filter>ExternalDependencies\glm\glm\detail</Filter>
    </ClInclude>
    <ClInclude Include="engine\ExternalDependencies\glm\glm\detail\_fixes.hpp">
      <Filter>ExternalDependencies\glm\glm\detail</Filter>
    </ClInclude>
    <ClInclude Include="engine\ExternalDependencies\glm\glm\detail\_noise.hpp">
      <Filter>ExternalDependencies\glm\glm\detail</Filter>
    </ClInclude>
    <ClInclude Include="engine\ExternalDependencies\glm\glm\detail\_swizzle.hpp">
      <Filter>ExternalDependencies\glm\glm\detail</Filter>
    </ClInclude>
    <ClInclude Include="engine\ExternalDependencies\glm\glm\detail\_swizzle_func.hpp">
      <Filter>ExternalDependencies\glm\glm\detail</Filter>
    </ClInclude>
    <ClInclude Include="engine\ExternalDependencies\glm\glm\detail\_vectorize.hpp">
      <Filter>ExternalDependencies\glm\glm\detail</Filter>
    </ClInclude>
    <ClInclude Include="engine\ExternalDependencies\glm\glm\detail\compute_common.hpp">
      <Filter>ExternalDependencies\glm\glm\detail</Filter>
    </ClInclude>
    <ClInclude Include="engine\ExternalDependencies\glm\glm\detail\compute_vector_relational.hpp">
      <Filter>ExternalDependencies\glm\glm\detail</Filter>
    </ClInclude>
    <ClInclude Include="engine\ExternalDependencies\glm\glm\detail\func_common.inl">
      <Filter>ExternalDependencies\glm\glm\detail</Filter>
    </ClInclude>
    <ClInclude Include="engine\ExternalDependencies\glm\glm\detail\func_common_simd.inl">
      <Filter>ExternalDependencies\glm\glm\detail</Filter>
    </ClInclude>
    <ClInclude Include="engine\ExternalDependencies\glm\glm\detail\func_exponential.inl">
      <Filter>ExternalDependencies\glm\glm\detail</Filter>
    </ClInclude>
    <ClInclude Include="engine\ExternalDependencies\glm\glm\detail\func_exponential_simd.inl">
      <Filter>ExternalDependencies\glm\glm\detail</Filter>
    </ClInclude>
    <ClInclude Include="engine\ExternalDependencies\glm\glm\detail\func_geometric.inl">
      <Filter>ExternalDependencies\glm\glm\detail</Filter>
    </ClInclude>
    <ClInclude Include="engine\ExternalDependencies\glm\glm\detail\func_geometric_simd.inl">
      <Filter>ExternalDependencies\glm\glm\detail</Filter>
    </ClInclude>
    <ClInclude Include="engine\ExternalDependencies\glm\glm\detail\func_integer.inl">
      <Filter>ExternalDependencies\glm\glm\detail</Filter>
    </ClInclude>
    <ClInclude Include="engine\ExternalDependencies\glm\glm\detail\func_integer_simd.inl">
      <Filter>ExternalDependencies\glm\glm\detail</Filter>
    </ClInclude>
    <ClInclude Include="engine\ExternalDependencies\glm\glm\detail\func_matrix.inl">
      <Filter>ExternalDependencies\glm\glm\detail</Filter>
    </ClInclude>
    <ClInclude Include="engine\ExternalDependencies\glm\glm\detail\func_matrix_simd.inl">
      <Filter>ExternalDependencies\glm\glm\detail</Filter>
    </ClInclude>
    <ClInclude Include="engine\ExternalDependencies\glm\glm\detail\func_packing.inl">
      <Filter>ExternalDependencies\glm\glm\detail</Filter>
    </ClInclude>
    <ClInclude Include="engine\ExternalDependencies\glm\glm\detail\func_packing_simd.inl">
      <Filter>ExternalDependencies\glm\glm\detail</Filter>
    </ClInclude>
    <ClInclude Include="engine\ExternalDependencies\glm\glm\detail\func_trigonometric.inl">
      <Filter>ExternalDependencies\glm\glm\detail</Filter>
    </ClInclude>
    <ClInclude Include="engine\ExternalDependencies\glm\glm\detail\func_trigonometric_simd.inl">
      <Filter>ExternalDependencies\glm\glm\detail</Filter>
    </ClInclude>
    <ClInclude Include="engine\ExternalDependencies\glm\glm\detail\func_vector_relational.inl">
      <Filter>ExternalDependencies\glm\glm\detail</Filter>
    </ClInclude>
    <ClInclude Include="engine\ExternalDependencies\glm\glm\detail\func_vector_relational_simd.inl">
      <Filter>ExternalDependencies\glm\glm\detail</Filter>
    </ClInclude>
    <ClInclude Include="engine\ExternalDependencies\glm\glm\detail\qualifier.hpp">
      <Filter>ExternalDependencies\glm\glm\detail</Filter>
    </ClInclude>
    <ClInclude Include="engine\ExternalDependencies\glm\glm\detail\setup.hpp">
      <Filter>ExternalDependencies\glm\glm\detail</Filter>
    </ClInclude>
    <ClInclude Include="engine\ExternalDependencies\glm\glm\detail\type_float.hpp">
      <Filter>ExternalDependencies\glm\glm\detail</Filter>
    </ClInclude>
    <ClInclude Include="engine\ExternalDependencies\glm\glm\detail\type_half.hpp">
      <Filter>ExternalDependencies\glm\glm\detail</Filter>
    </ClInclude>
    <ClInclude Include="engine\ExternalDependencies\glm\glm\detail\type_half.inl">
      <Filter>ExternalDependencies\glm\glm\detail</Filter>
    </ClInclude>
    <ClInclude Include="engine\ExternalDependencies\glm\glm\detail\type_mat2x2.hpp">
      <Filter>ExternalDependencies\glm\glm\detail</Filter>
    </ClInclude>
    <ClInclude Include="engine\ExternalDependencies\glm\glm\detail\type_mat2x2.inl">
      <Filter>ExternalDependencies\glm\glm\detail</Filter>
    </ClInclude>
    <ClInclude Include="engine\ExternalDependencies\glm\glm\detail\type_mat2x3.hpp">
      <Filter>ExternalDependencies\glm\glm\detail</Filter>
    </ClInclude>
    <ClInclude Include="engine\ExternalDependencies\glm\glm\detail\type_mat2x3.inl">
      <Filter>ExternalDependencies\glm\glm\detail</Filter>
    </ClInclude>
    <ClInclude Include="engine\ExternalDependencies\glm\glm\detail\type_mat2x4.hpp">
      <Filter>ExternalDependencies\glm\glm\detail</Filter>
    </ClInclude>
    <ClInclude Include="engine\ExternalDependencies\glm\glm\detail\type_mat2x4.inl">
      <Filter>ExternalDependencies\glm\glm\detail</Filter>
    </ClInclude>
    <ClInclude Include="engine\ExternalDependencies\glm\glm\detail\type_mat3x2.hpp">
      <Filter>ExternalDependencies\glm\glm\detail</Filter>
    </ClInclude>
    <ClInclude Include="engine\ExternalDependencies\glm\glm\detail\type_mat3x2.inl">
      <Filter>ExternalDependencies\glm\glm\detail</Filter>
    </ClInclude>
    <ClInclude Include="engine\ExternalDependencies\glm\glm\detail\type_mat3x3.hpp">
      <Filter>ExternalDependencies\glm\glm\detail</Filter>
    </ClInclude>
    <ClInclude Include="engine\ExternalDependencies\glm\glm\detail\type_mat3x3.inl">
      <Filter>ExternalDependencies\glm\glm\detail</Filter>
    </ClInclude>
    <ClInclude Include="engine\ExternalDependencies\glm\glm\detail\type_mat3x4.hpp">
      <Filter>ExternalDependencies\glm\glm\detail</Filter>
    </ClInclude>
    <ClInclude Include="engine\ExternalDependencies\glm\glm\detail\type_mat3x4.inl">
      <Filter>ExternalDependencies\glm\glm\detail</Filter>
    </ClInclude>
    <ClInclude Include="engine\ExternalDependencies\glm\glm\detail\type_mat4x2.hpp">
      <Filter>ExternalDependencies\glm\glm\detail</Filter>
    </ClInclude>
    <ClInclude Include="engine\ExternalDependencies\glm\glm\detail\type_mat4x2.inl">
      <Filter>ExternalDependencies\glm\glm\detail</Filter>
    </ClInclude>
    <ClInclude Include="engine\ExternalDependencies\glm\glm\detail\type_mat4x3.hpp">
      <Filter>ExternalDependencies\glm\glm\detail</Filter>
    </ClInclude>
    <ClInclude Include="engine\ExternalDependencies\glm\glm\detail\type_mat4x3.inl">
      <Filter>ExternalDependencies\glm\glm\detail</Filter>
    </ClInclude>
    <ClInclude Include="engine\ExternalDependencies\glm\glm\detail\type_mat4x4.hpp">
      <Filter>ExternalDependencies\glm\glm\detail</Filter>
    </ClInclude>
    <ClInclude Include="engine\ExternalDependencies\glm\glm\detail\type_mat4x4.inl">
      <Filter>ExternalDependencies\glm\glm\detail</Filter>
    </ClInclude>
    <ClInclude Include="engine\ExternalDependencies\glm\glm\detail\type_mat4x4_simd.inl">
      <Filter>ExternalDependencies\glm\glm\detail</Filter>
    </ClInclude>
    <ClInclude Include="engine\ExternalDependencies\glm\glm\detail\type_quat.hpp">
      <Filter>ExternalDependencies\glm\glm\detail</Filter>
    </ClInclude>
    <ClInclude Include="engine\ExternalDependencies\glm\glm\detail\type_quat.inl">
      <Filter>ExternalDependencies\glm\glm\detail</Filter>
    </ClInclude>
    <ClInclude Include="engine\ExternalDependencies\glm\glm\detail\type_quat_simd.inl">
      <Filter>ExternalDependencies\glm\glm\detail</Filter>
    </ClInclude>
    <ClInclude Include="engine\ExternalDependencies\glm\glm\detail\type_vec1.hpp">
      <Filter>ExternalDependencies\glm\glm\detail</Filter>
    </ClInclude>
    <ClInclude Include="engine\ExternalDependencies\glm\glm\detail\type_vec1.inl">
      <Filter>ExternalDependencies\glm\glm\detail</Filter>
    </ClInclude>
    <ClInclude Include="engine\ExternalDependencies\glm\glm\detail\type_vec2.hpp">
      <Filter>ExternalDependencies\glm\glm\detail</Filter>
    </ClInclude>
    <ClInclude Include="engine\ExternalDependencies\glm\glm\detail\type_vec2.inl">
      <Filter>ExternalDependencies\glm\glm\detail</Filter>
    </ClInclude>
    <ClInclude Include="engine\ExternalDependencies\glm\glm\detail\type_vec3.hpp">
      <Filter>ExternalDependencies\glm\glm\detail</Filter>
    </ClInclude>
    <ClInclude Include="engine\ExternalDependencies\glm\glm\detail\type_vec3.inl">
      <Filter>ExternalDependencies\glm\glm\detail</Filter>
    </ClInclude>
    <ClInclude Include="engine\ExternalDependencies\glm\glm\detail\type_vec4.hpp">
      <Filter>ExternalDependencies\glm\glm\detail</Filter>
    </ClInclude>
    <ClInclude Include="engine\ExternalDependencies\glm\glm\detail\type_vec4.inl">
      <Filter>ExternalDependencies\glm\glm\detail</Filter>
    </ClInclude>
    <ClInclude Include="engine\ExternalDependencies\glm\glm\detail\type_vec4_simd.inl">
      <Filter>ExternalDependencies\glm\glm\detail</Filter>
    </ClInclude>
    <ClInclude Include="engine\ExternalDependencies\glm\glm\exponential.hpp">
      <Filter>ExternalDependencies\glm\glm</Filter>
    </ClInclude>
    <ClInclude Include="engine\ExternalDependencies\glm\glm\ext.hpp">
      <Filter>ExternalDependencies\glm\glm</Filter>
    </ClInclude>
    <ClInclude Include="engine\ExternalDependencies\glm\glm\ext\_matrix_vectorize.hpp">
      <Filter>ExternalDependencies\glm\glm\ext</Filter>
    </ClInclude>
    <ClInclude Include="engine\ExternalDependencies\glm\glm\ext\matrix_clip_space.hpp">
      <Filter>ExternalDependencies\glm\glm\ext</Filter>
    </ClInclude>
    <ClInclude Include="engine\ExternalDependencies\glm\glm\ext\matrix_clip_space.inl">
      <Filter>ExternalDependencies\glm\glm\ext</Filter>
    </ClInclude>
    <ClInclude Include="engine\ExternalDependencies\glm\glm\ext\matrix_common.hpp">
      <Filter>ExternalDependencies\glm\glm\ext</Filter>
    </ClInclude>
    <ClInclude Include="engine\ExternalDependencies\glm\glm\ext\matrix_common.inl">
      <Filter>ExternalDependencies\glm\glm\ext</Filter>
    </ClInclude>
    <ClInclude Include="engine\ExternalDependencies\glm\glm\ext\matrix_double2x2.hpp">
      <Filter>ExternalDependencies\glm\glm\ext</Filter>
    </ClInclude>
    <ClInclude Include="engine\ExternalDependencies\glm\glm\ext\matrix_double2x2_precision.hpp">
      <Filter>ExternalDependencies\glm\glm\ext</Filter>
    </ClInclude>
    <ClInclude Include="engine\ExternalDependencies\glm\glm\ext\matrix_double2x3.hpp">
      <Filter>ExternalDependencies\glm\glm\ext</Filter>
    </ClInclude>
    <ClInclude Include="engine\ExternalDependencies\glm\glm\ext\matrix_double2x3_precision.hpp">
      <Filter>ExternalDependencies\glm\glm\ext</Filter>
    </ClInclude>
    <ClInclude Include="engine\ExternalDependencies\glm\glm\ext\matrix_double2x4.hpp">
      <Filter>ExternalDependencies\glm\glm\ext</Filter>
    </ClInclude>
    <ClInclude Include="engine\ExternalDependencies\glm\glm\ext\matrix_double2x4_precision.hpp">
      <Filter>ExternalDependencies\glm\glm\ext</Filter>
    </ClInclude>
    <ClInclude Include="engine\ExternalDependencies\glm\glm\ext\matrix_double3x2.hpp">
      <Filter>ExternalDependencies\glm\glm\ext</Filter>
    </ClInclude>
    <ClInclude Include="engine\ExternalDependencies\glm\glm\ext\matrix_double3x2_precision.hpp">
      <Filter>ExternalDependencies\glm\glm\ext</Filter>
    </ClInclude>
    <ClInclude Include="engine\ExternalDependencies\glm\glm\ext\matrix_double3x3.hpp">
      <Filter>ExternalDependencies\glm\glm\ext</Filter>
    </ClInclude>
    <ClInclude Include="engine\ExternalDependencies\glm\glm\ext\matrix_double3x3_precision.hpp">
      <Filter>ExternalDependencies\glm\glm\ext</Filter>
    </ClInclude>
    <ClInclude Include="engine\ExternalDependencies\glm\glm\ext\matrix_double3x4.hpp">
      <Filter>ExternalDependencies\glm\glm\ext</Filter>
    </ClInclude>
    <ClInclude Include="engine\ExternalDependencies\glm\glm\ext\matrix_double3x4_precision.hpp">
      <Filter>ExternalDependencies\glm\glm\ext</Filter>
    </ClInclude>
    <ClInclude Include="engine\ExternalDependencies\glm\glm\ext\matrix_double4x2.hpp">
      <Filter>ExternalDependencies\glm\glm\ext</Filter>
    </ClInclude>
    <ClInclude Include="engine\ExternalDependencies\glm\glm\ext\matrix_double4x2_precision.hpp">
      <Filter>ExternalDependencies\glm\glm\ext</Filter>
    </ClInclude>
    <ClInclude Include="engine\ExternalDependencies\glm\glm\ext\matrix_double4x3.hpp">
      <Filter>ExternalDependencies\glm\glm\ext</Filter>
    </ClInclude>
    <ClInclude Include="engine\ExternalDependencies\glm\glm\ext\matrix_double4x3_precision.hpp">
      <Filter>ExternalDependencies\glm\glm\ext</Filter>
    </ClInclude>
    <ClInclude Include="engine\ExternalDependencies\glm\glm\ext\matrix_double4x4.hpp">
      <Filter>ExternalDependencies\glm\glm\ext</Filter>
    </ClInclude>
    <ClInclude Include="engine\ExternalDependencies\glm\glm\ext\matrix_double4x4_precision.hpp">
      <Filter>ExternalDependencies\glm\glm\ext</Filter>
    </ClInclude>
    <ClInclude Include="engine\ExternalDependencies\glm\glm\ext\matrix_float2x2.hpp">
      <Filter>ExternalDependencies\glm\glm\ext</Filter>
    </ClInclude>
    <ClInclude Include="engine\ExternalDependencies\glm\glm\ext\matrix_float2x2_precision.hpp">
      <Filter>ExternalDependencies\glm\glm\ext</Filter>
    </ClInclude>
    <ClInclude Include="engine\ExternalDependencies\glm\glm\ext\matrix_float2x3.hpp">
      <Filter>ExternalDependencies\glm\glm\ext</Filter>
    </ClInclude>
    <ClInclude Include="engine\ExternalDependencies\glm\glm\ext\matrix_float2x3_precision.hpp">
      <Filter>ExternalDependencies\glm\glm\ext</Filter>
    </ClInclude>
    <ClInclude Include="engine\ExternalDependencies\glm\glm\ext\matrix_float2x4.hpp">
      <Filter>ExternalDependencies\glm\glm\ext</Filter>
    </ClInclude>
    <ClInclude Include="engine\ExternalDependencies\glm\glm\ext\matrix_float2x4_precision.hpp">
      <Filter>ExternalDependencies\glm\glm\ext</Filter>
    </ClInclude>
    <ClInclude Include="engine\ExternalDependencies\glm\glm\ext\matrix_float3x2.hpp">
      <Filter>ExternalDependencies\glm\glm\ext</Filter>
    </ClInclude>
    <ClInclude Include="engine\ExternalDependencies\glm\glm\ext\matrix_float3x2_precision.hpp">
      <Filter>ExternalDependencies\glm\glm\ext</Filter>
    </ClInclude>
    <ClInclude Include="engine\ExternalDependencies\glm\glm\ext\matrix_float3x3.hpp">
      <Filter>ExternalDependencies\glm\glm\ext</Filter>
    </ClInclude>
    <ClInclude Include="engine\ExternalDependencies\glm\glm\ext\matrix_float3x3_precision.hpp">
      <Filter>ExternalDependencies\glm\glm\ext</Filter>
    </ClInclude>
    <ClInclude Include="engine\ExternalDependencies\glm\glm\ext\matrix_float3x4.hpp">
      <Filter>ExternalDependencies\glm\glm\ext</Filter>
    </ClInclude>
    <ClInclude Include="engine\ExternalDependencies\glm\glm\ext\matrix_float3x4_precision.hpp">
      <Filter>ExternalDependencies\glm\glm\ext</Filter>
    </ClInclude>
    <ClInclude Include="engine\ExternalDependencies\glm\glm\ext\matrix_float4x2.hpp">
      <Filter>ExternalDependencies\glm\glm\ext</Filter>
    </ClInclude>
    <ClInclude Include="engine\ExternalDependencies\glm\glm\ext\matrix_float4x2_precision.hpp">
      <Filter>ExternalDependencies\glm\glm\ext</Filter>
    </ClInclude>
    <ClInclude Include="engine\ExternalDependencies\glm\glm\ext\matrix_float4x3.hpp">
      <Filter>ExternalDependencies\glm\glm\ext</Filter>
    </ClInclude>
    <ClInclude Include="engine\ExternalDependencies\glm\glm\ext\matrix_float4x3_precision.hpp">
      <Filter>ExternalDependencies\glm\glm\ext</Filter>
    </ClInclude>
    <ClInclude Include="engine\ExternalDependencies\glm\glm\ext\matrix_float4x4.hpp">
      <Filter>ExternalDependencies\glm\glm\ext</Filter>
    </ClInclude>
    <ClInclude Include="engine\ExternalDependencies\glm\glm\ext\matrix_float4x4_precision.hpp">
      <Filter>ExternalDependencies\glm\glm\ext</Filter>
    </ClInclude>
    <ClInclude Include="engine\ExternalDependencies\glm\glm\ext\matrix_int2x2.hpp">
      <Filter>ExternalDependencies\glm\glm\ext</Filter>
    </ClInclude>
    <ClInclude Include="engine\ExternalDependencies\glm\glm\ext\matrix_int2x2_sized.hpp">
      <Filter>ExternalDependencies\glm\glm\ext</Filter>
    </ClInclude>
    <ClInclude Include="engine\ExternalDependencies\glm\glm\ext\matrix_int2x3.hpp">
      <Filter>ExternalDependencies\glm\glm\ext</Filter>
    </ClInclude>
    <ClInclude Include="engine\ExternalDependencies\glm\glm\ext\matrix_int2x3_sized.hpp">
      <Filter>ExternalDependencies\glm\glm\ext</Filter>
    </ClInclude>
    <ClInclude Include="engine\ExternalDependencies\glm\glm\ext\matrix_int2x4.hpp">
      <Filter>ExternalDependencies\glm\glm\ext</Filter>
    </ClInclude>
    <ClInclude Include="engine\ExternalDependencies\glm\glm\ext\matrix_int2x4_sized.hpp">
      <Filter>ExternalDependencies\glm\glm\ext</Filter>
    </ClInclude>
    <ClInclude Include="engine\ExternalDependencies\glm\glm\ext\matrix_int3x2.hpp">
      <Filter>ExternalDependencies\glm\glm\ext</Filter>
    </ClInclude>
    <ClInclude Include="engine\ExternalDependencies\glm\glm\ext\matrix_int3x2_sized.hpp">
      <Filter>ExternalDependencies\glm\glm\ext</Filter>
    </ClInclude>
    <ClInclude Include="engine\ExternalDependencies\glm\glm\ext\matrix_int3x3.hpp">
      <Filter>ExternalDependencies\glm\glm\ext</Filter>
    </ClInclude>
    <ClInclude Include="engine\ExternalDependencies\glm\glm\ext\matrix_int3x3_sized.hpp">
      <Filter>ExternalDependencies\glm\glm\ext</Filter>
    </ClInclude>
    <ClInclude Include="engine\ExternalDependencies\glm\glm\ext\matrix_int3x4.hpp">
      <Filter>ExternalDependencies\glm\glm\ext</Filter>
    </ClInclude>
    <ClInclude Include="engine\ExternalDependencies\glm\glm\ext\matrix_int3x4_sized.hpp">
      <Filter>ExternalDependencies\glm\glm\ext</Filter>
    </ClInclude>
    <ClInclude Include="engine\ExternalDependencies\glm\glm\ext\matrix_int4x2.hpp">
      <Filter>ExternalDependencies\glm\glm\ext</Filter>
    </ClInclude>
    <ClInclude Include="engine\ExternalDependencies\glm\glm\ext\matrix_int4x2_sized.hpp">
      <Filter>ExternalDependencies\glm\glm\ext</Filter>
    </ClInclude>
    <ClInclude Include="engine\ExternalDependencies\glm\glm\ext\matrix_int4x3.hpp">
      <Filter>ExternalDependencies\glm\glm\ext</Filter>
    </ClInclude>
    <ClInclude Include="engine\ExternalDependencies\glm\glm\ext\matrix_int4x3_sized.hpp">
      <Filter>ExternalDependencies\glm\glm\ext</Filter>
    </ClInclude>
    <ClInclude Include="engine\ExternalDependencies\glm\glm\ext\matrix_int4x4.hpp">
      <Filter>ExternalDependencies\glm\glm\ext</Filter>
    </ClInclude>
    <ClInclude Include="engine\ExternalDependencies\glm\glm\ext\matrix_int4x4_sized.hpp">
      <Filter>ExternalDependencies\glm\glm\ext</Filter>
    </ClInclude>
    <ClInclude Include="engine\ExternalDependencies\glm\glm\ext\matrix_integer.hpp">
      <Filter>ExternalDependencies\glm\glm\ext</Filter>
    </ClInclude>
    <ClInclude Include="engine\ExternalDependencies\glm\glm\ext\matrix_integer.inl">
      <Filter>ExternalDependencies\glm\glm\ext</Filter>
    </ClInclude>
    <ClInclude Include="engine\ExternalDependencies\glm\glm\ext\matrix_projection.hpp">
      <Filter>ExternalDependencies\glm\glm\ext</Filter>
    </ClInclude>
    <ClInclude Include="engine\ExternalDependencies\glm\glm\ext\matrix_projection.inl">
      <Filter>ExternalDependencies\glm\glm\ext</Filter>
    </ClInclude>
    <ClInclude Include="engine\ExternalDependencies\glm\glm\ext\matrix_relational.hpp">
      <Filter>ExternalDependencies\glm\glm\ext</Filter>
    </ClInclude>
    <ClInclude Include="engine\ExternalDependencies\glm\glm\ext\matrix_relational.inl">
      <Filter>ExternalDependencies\glm\glm\ext</Filter>
    </ClInclude>
    <ClInclude Include="engine\ExternalDependencies\glm\glm\ext\matrix_transform.hpp">
      <Filter>ExternalDependencies\glm\glm\ext</Filter>
    </ClInclude>
    <ClInclude Include="engine\ExternalDependencies\glm\glm\ext\matrix_transform.inl">
      <Filter>ExternalDependencies\glm\glm\ext</Filter>
    </ClInclude>
    <ClInclude Include="engine\ExternalDependencies\glm\glm\ext\matrix_uint2x2.hpp">
      <Filter>ExternalDependencies\glm\glm\ext</Filter>
    </ClInclude>
    <ClInclude Include="engine\ExternalDependencies\glm\glm\ext\matrix_uint2x2_sized.hpp">
      <Filter>ExternalDependencies\glm\glm\ext</Filter>
    </ClInclude>
    <ClInclude Include="engine\ExternalDependencies\glm\glm\ext\matrix_uint2x3.hpp">
      <Filter>ExternalDependencies\glm\glm\ext</Filter>
    </ClInclude>
    <ClInclude Include="engine\ExternalDependencies\glm\glm\ext\matrix_uint2x3_sized.hpp">
      <Filter>ExternalDependencies\glm\glm\ext</Filter>
    </ClInclude>
    <ClInclude Include="engine\ExternalDependencies\glm\glm\ext\matrix_uint2x4.hpp">
      <Filter>ExternalDependencies\glm\glm\ext</Filter>
    </ClInclude>
    <ClInclude Include="engine\ExternalDependencies\glm\glm\ext\matrix_uint2x4_sized.hpp">
      <Filter>ExternalDependencies\glm\glm\ext</Filter>
    </ClInclude>
    <ClInclude Include="engine\ExternalDependencies\glm\glm\ext\matrix_uint3x2.hpp">
      <Filter>ExternalDependencies\glm\glm\ext</Filter>
    </ClInclude>
    <ClInclude Include="engine\ExternalDependencies\glm\glm\ext\matrix_uint3x2_sized.hpp">
      <Filter>ExternalDependencies\glm\glm\ext</Filter>
    </ClInclude>
    <ClInclude Include="engine\ExternalDependencies\glm\glm\ext\matrix_uint3x3.hpp">
      <Filter>ExternalDependencies\glm\glm\ext</Filter>
    </ClInclude>
    <ClInclude Include="engine\ExternalDependencies\glm\glm\ext\matrix_uint3x3_sized.hpp">
      <Filter>ExternalDependencies\glm\glm\ext</Filter>
    </ClInclude>
    <ClInclude Include="engine\ExternalDependencies\glm\glm\ext\matrix_uint3x4.hpp">
      <Filter>ExternalDependencies\glm\glm\ext</Filter>
    </ClInclude>
    <ClInclude Include="engine\ExternalDependencies\glm\glm\ext\matrix_uint3x4_sized.hpp">
      <Filter>ExternalDependencies\glm\glm\ext</Filter>
    </ClInclude>
    <ClInclude Include="engine\ExternalDependencies\glm\glm\ext\matrix_uint4x2.hpp">
      <Filter>ExternalDependencies\glm\glm\ext</Filter>
    </ClInclude>
    <ClInclude Include="engine\ExternalDependencies\glm\glm\ext\matrix_uint4x2_sized.hpp">
      <Filter>ExternalDependencies\glm\glm\ext</Filter>
    </ClInclude>
    <ClInclude Include="engine\ExternalDependencies\glm\glm\ext\matrix_uint4x3.hpp">
      <Filter>ExternalDependencies\glm\glm\ext</Filter>
    </ClInclude>
    <ClInclude Include="engine\ExternalDependencies\glm\glm\ext\matrix_uint4x3_sized.hpp">
      <Filter>ExternalDependencies\glm\glm\ext</Filter>
    </ClInclude>
    <ClInclude Include="engine\ExternalDependencies\glm\glm\ext\matrix_uint4x4.hpp">
      <Filter>ExternalDependencies\glm\glm\ext</Filter>
    </ClInclude>
    <ClInclude Include="engine\ExternalDependencies\glm\glm\ext\matrix_uint4x4_sized.hpp">
      <Filter>ExternalDependencies\glm\glm\ext</Filter>
    </ClInclude>
    <ClInclude Include="engine\ExternalDependencies\glm\glm\ext\quaternion_common.hpp">
      <Filter>ExternalDependencies\glm\glm\ext</Filter>
    </ClInclude>
    <ClInclude Include="engine\ExternalDependencies\glm\glm\ext\quaternion_common.inl">
      <Filter>ExternalDependencies\glm\glm\ext</Filter>
    </ClInclude>
    <ClInclude Include="engine\ExternalDependencies\glm\glm\ext\quaternion_common_simd.inl">
      <Filter>ExternalDependencies\glm\glm\ext</Filter>
    </ClInclude>
    <ClInclude Include="engine\ExternalDependencies\glm\glm\ext\quaternion_double.hpp">
      <Filter>ExternalDependencies\glm\glm\ext</Filter>
    </ClInclude>
    <ClInclude Include="engine\ExternalDependencies\glm\glm\ext\quaternion_double_precision.hpp">
      <Filter>ExternalDependencies\glm\glm\ext</Filter>
    </ClInclude>
    <ClInclude Include="engine\ExternalDependencies\glm\glm\ext\quaternion_exponential.hpp">
      <Filter>ExternalDependencies\glm\glm\ext</Filter>
    </ClInclude>
    <ClInclude Include="engine\ExternalDependencies\glm\glm\ext\quaternion_exponential.inl">
      <Filter>ExternalDependencies\glm\glm\ext</Filter>
    </ClInclude>
    <ClInclude Include="engine\ExternalDependencies\glm\glm\ext\quaternion_float.hpp">
      <Filter>ExternalDependencies\glm\glm\ext</Filter>
    </ClInclude>
    <ClInclude Include="engine\ExternalDependencies\glm\glm\ext\quaternion_float_precision.hpp">
      <Filter>ExternalDependencies\glm\glm\ext</Filter>
    </ClInclude>
    <ClInclude Include="engine\ExternalDependencies\glm\glm\ext\quaternion_geometric.hpp">
      <Filter>ExternalDependencies\glm\glm\ext</Filter>
    </ClInclude>
    <ClInclude Include="engine\ExternalDependencies\glm\glm\ext\quaternion_geometric.inl">
      <Filter>ExternalDependencies\glm\glm\ext</Filter>
    </ClInclude>
    <ClInclude Include="engine\ExternalDependencies\glm\glm\ext\quaternion_relational.hpp">
      <Filter>ExternalDependencies\glm\glm\ext</Filter>
    </ClInclude>
    <ClInclude Include="engine\ExternalDependencies\glm\glm\ext\quaternion_relational.inl">
      <Filter>ExternalDependencies\glm\glm\ext</Filter>
    </ClInclude>
    <ClInclude Include="engine\ExternalDependencies\glm\glm\ext\quaternion_transform.hpp">
      <Filter>ExternalDependencies\glm\glm\ext</Filter>
    </ClInclude>
    <ClInclude Include="engine\ExternalDependencies\glm\glm\ext\quaternion_transform.inl">
      <Filter>ExternalDependencies\glm\glm\ext</Filter>
    </ClInclude>
    <ClInclude Include="engine\ExternalDependencies\glm\glm\ext\quaternion_trigonometric.hpp">
      <Filter>ExternalDependencies\glm\glm\ext</Filter>
    </ClInclude>
    <ClInclude Include="engine\ExternalDependencies\glm\glm\ext\quaternion_trigonometric.inl">
      <Filter>ExternalDependencies\glm\glm\ext</Filter>
    </ClInclude>
    <ClInclude Include="engine\ExternalDependencies\glm\glm\ext\scalar_common.hpp">
      <Filter>ExternalDependencies\glm\glm\ext</Filter>
    </ClInclude>
    <ClInclude Include="engine\ExternalDependencies\glm\glm\ext\scalar_common.inl">
      <Filter>ExternalDependencies\glm\glm\ext</Filter>
    </ClInclude>
    <ClInclude Include="engine\ExternalDependencies\glm\glm\ext\scalar_constants.hpp">
      <Filter>ExternalDependencies\glm\glm\ext</Filter>
    </ClInclude>
    <ClInclude Include="engine\ExternalDependencies\glm\glm\ext\scalar_constants.inl">
      <Filter>ExternalDependencies\glm\glm\ext</Filter>
    </ClInclude>
    <ClInclude Include="engine\ExternalDependencies\glm\glm\ext\scalar_int_sized.hpp">
      <Filter>ExternalDependencies\glm\glm\ext</Filter>
    </ClInclude>
    <ClInclude Include="engine\ExternalDependencies\glm\glm\ext\scalar_integer.hpp">
      <Filter>ExternalDependencies\glm\glm\ext</Filter>
    </ClInclude>
    <ClInclude Include="engine\ExternalDependencies\glm\glm\ext\scalar_integer.inl">
      <Filter>ExternalDependencies\glm\glm\ext</Filter>
    </ClInclude>
    <ClInclude Include="engine\ExternalDependencies\glm\glm\ext\scalar_packing.hpp">
      <Filter>ExternalDependencies\glm\glm\ext</Filter>
    </ClInclude>
    <ClInclude Include="engine\ExternalDependencies\glm\glm\ext\scalar_packing.inl">
      <Filter>ExternalDependencies\glm\glm\ext</Filter>
    </ClInclude>
    <ClInclude Include="engine\ExternalDependencies\glm\glm\ext\scalar_reciprocal.hpp">
      <Filter>ExternalDependencies\glm\glm\ext</Filter>
    </ClInclude>
    <ClInclude Include="engine\ExternalDependencies\glm\glm\ext\scalar_reciprocal.inl">
      <Filter>ExternalDependencies\glm\glm\ext</Filter>
    </ClInclude>
    <ClInclude Include="engine\ExternalDependencies\glm\glm\ext\scalar_relational.hpp">
      <Filter>ExternalDependencies\glm\glm\ext</Filter>
    </ClInclude>
    <ClInclude Include="engine\ExternalDependencies\glm\glm\ext\scalar_relational.inl">
      <Filter>ExternalDependencies\glm\glm\ext</Filter>
    </ClInclude>
    <ClInclude Include="engine\ExternalDependencies\glm\glm\ext\scalar_uint_sized.hpp">
      <Filter>ExternalDependencies\glm\glm\ext</Filter>
    </ClInclude>
    <ClInclude Include="engine\ExternalDependencies\glm\glm\ext\scalar_ulp.hpp">
      <Filter>ExternalDependencies\glm\glm\ext</Filter>
    </ClInclude>
    <ClInclude Include="engine\ExternalDependencies\glm\glm\ext\scalar_ulp.inl">
      <Filter>ExternalDependencies\glm\glm\ext</Filter>
    </ClInclude>
    <ClInclude Include="engine\ExternalDependencies\glm\glm\ext\vector_bool1.hpp">
      <Filter>ExternalDependencies\glm\glm\ext</Filter>
    </ClInclude>
    <ClInclude Include="engine\ExternalDependencies\glm\glm\ext\vector_bool1_precision.hpp">
      <Filter>ExternalDependencies\glm\glm\ext</Filter>
    </ClInclude>
    <ClInclude Include="engine\ExternalDependencies\glm\glm\ext\vector_bool2.hpp">
      <Filter>ExternalDependencies\glm\glm\ext</Filter>
    </ClInclude>
    <ClInclude Include="engine\ExternalDependencies\glm\glm\ext\vector_bool2_precision.hpp">
      <Filter>ExternalDependencies\glm\glm\ext</Filter>
    </ClInclude>
    <ClInclude Include="engine\ExternalDependencies\glm\glm\ext\vector_bool3.hpp">
      <Filter>ExternalDependencies\glm\glm\ext</Filter>
    </ClInclude>
    <ClInclude Include="engine\ExternalDependencies\glm\glm\ext\vector_bool3_precision.hpp">
      <Filter>ExternalDependencies\glm\glm\ext</Filter>
    </ClInclude>
    <ClInclude Include="engine\ExternalDependencies\glm\glm\ext\vector_bool4.hpp">
      <Filter>ExternalDependencies\glm\glm\ext</Filter>
    </ClInclude>
    <ClInclude Include="engine\ExternalDependencies\glm\glm\ext\vector_bool4_precision.hpp">
      <Filter>ExternalDependencies\glm\glm\ext</Filter>
    </ClInclude>
    <ClInclude Include="engine\ExternalDependencies\glm\glm\ext\vector_common.hpp">
      <Filter>ExternalDependencies\glm\glm\ext</Filter>
    </ClInclude>
    <ClInclude Include="engine\ExternalDependencies\glm\glm\ext\vector_common.inl">
      <Filter>ExternalDependencies\glm\glm\ext</Filter>
    </ClInclude>
    <ClInclude Include="engine\ExternalDependencies\glm\glm\ext\vector_double1.hpp">
      <Filter>ExternalDependencies\glm\glm\ext</Filter>
    </ClInclude>
    <ClInclude Include="engine\ExternalDependencies\glm\glm\ext\vector_double1_precision.hpp">
      <Filter>ExternalDependencies\glm\glm\ext</Filter>
    </ClInclude>
    <ClInclude Include="engine\ExternalDependencies\glm\glm\ext\vector_double2.hpp">
      <Filter>ExternalDependencies\glm\glm\ext</Filter>
    </ClInclude>
    <ClInclude Include="engine\ExternalDependencies\glm\glm\ext\vector_double2_precision.hpp">
      <Filter>ExternalDependencies\glm\glm\ext</Filter>
    </ClInclude>
    <ClInclude Include="engine\ExternalDependencies\glm\glm\ext\vector_double3.hpp">
      <Filter>ExternalDependencies\glm\glm\ext</Filter>
    </ClInclude>
    <ClInclude Include="engine\ExternalDependencies\glm\glm\ext\vector_double3_precision.hpp">
      <Filter>ExternalDependencies\glm\glm\ext</Filter>
    </ClInclude>
    <ClInclude Include="engine\ExternalDependencies\glm\glm\ext\vector_double4.hpp">
      <Filter>ExternalDependencies\glm\glm\ext</Filter>
    </ClInclude>
    <ClInclude Include="engine\ExternalDependencies\glm\glm\ext\vector_double4_precision.hpp">
      <Filter>ExternalDependencies\glm\glm\ext</Filter>
    </ClInclude>
    <ClInclude Include="engine\ExternalDependencies\glm\glm\ext\vector_float1.hpp">
      <Filter>ExternalDependencies\glm\glm\ext</Filter>
    </ClInclude>
    <ClInclude Include="engine\ExternalDependencies\glm\glm\ext\vector_float1_precision.hpp">
      <Filter>ExternalDependencies\glm\glm\ext</Filter>
    </ClInclude>
    <ClInclude Include="engine\ExternalDependencies\glm\glm\ext\vector_float2.hpp">
      <Filter>ExternalDependencies\glm\glm\ext</Filter>
    </ClInclude>
    <ClInclude Include="engine\ExternalDependencies\glm\glm\ext\vector_float2_precision.hpp">
      <Filter>ExternalDependencies\glm\glm\ext</Filter>
    </ClInclude>
    <ClInclude Include="engine\ExternalDependencies\glm\glm\ext\vector_float3.hpp">
      <Filter>ExternalDependencies\glm\glm\ext</Filter>
    </ClInclude>
    <ClInclude Include="engine\ExternalDependencies\glm\glm\ext\vector_float3_precision.hpp">
      <Filter>ExternalDependencies\glm\glm\ext</Filter>
    </ClInclude>
    <ClInclude Include="engine\ExternalDependencies\glm\glm\ext\vector_float4.hpp">
      <Filter>ExternalDependencies\glm\glm\ext</Filter>
    </ClInclude>
    <ClInclude Include="engine\ExternalDependencies\glm\glm\ext\vector_float4_precision.hpp">
      <Filter>ExternalDependencies\glm\glm\ext</Filter>
    </ClInclude>
    <ClInclude Include="engine\ExternalDependencies\glm\glm\ext\vector_int1.hpp">
      <Filter>ExternalDependencies\glm\glm\ext</Filter>
    </ClInclude>
    <ClInclude Include="engine\ExternalDependencies\glm\glm\ext\vector_int1_sized.hpp">
      <Filter>ExternalDependencies\glm\glm\ext</Filter>
    </ClInclude>
    <ClInclude Include="engine\ExternalDependencies\glm\glm\ext\vector_int2.hpp">
      <Filter>ExternalDependencies\glm\glm\ext</Filter>
    </ClInclude>
    <ClInclude Include="engine\ExternalDependencies\glm\glm\ext\vector_int2_sized.hpp">
      <Filter>ExternalDependencies\glm\glm\ext</Filter>
    </ClInclude>
    <ClInclude Include="engine\ExternalDependencies\glm\glm\ext\vector_int3.hpp">
      <Filter>ExternalDependencies\glm\glm\ext</Filter>
    </ClInclude>
    <ClInclude Include="engine\ExternalDependencies\glm\glm\ext\vector_int3_sized.hpp">
      <Filter>ExternalDependencies\glm\glm\ext</Filter>
    </ClInclude>
    <ClInclude Include="engine\ExternalDependencies\glm\glm\ext\vector_int4.hpp">
      <Filter>ExternalDependencies\glm\glm\ext</Filter>
    </ClInclude>
    <ClInclude Include="engine\ExternalDependencies\glm\glm\ext\vector_int4_sized.hpp">
      <Filter>ExternalDependencies\glm\glm\ext</Filter>
    </ClInclude>
    <ClInclude Include="engine\ExternalDependencies\glm\glm\ext\vector_integer.hpp">
      <Filter>ExternalDependencies\glm\glm\ext</Filter>
    </ClInclude>
    <ClInclude Include="engine\ExternalDependencies\glm\glm\ext\vector_integer.inl">
      <Filter>ExternalDependencies\glm\glm\ext</Filter>
    </ClInclude>
    <ClInclude Include="engine\ExternalDependencies\glm\glm\ext\vector_packing.hpp">
      <Filter>ExternalDependencies\glm\glm\ext</Filter>
    </ClInclude>
    <ClInclude Include="engine\ExternalDependencies\glm\glm\ext\vector_packing.inl">
      <Filter>ExternalDependencies\glm\glm\ext</Filter>
    </ClInclude>
    <ClInclude Include="engine\ExternalDependencies\glm\glm\ext\vector_reciprocal.hpp">
      <Filter>ExternalDependencies\glm\glm\ext</Filter>
    </ClInclude>
    <ClInclude Include="engine\ExternalDependencies\glm\glm\ext\vector_reciprocal.inl">
      <Filter>ExternalDependencies\glm\glm\ext</Filter>
    </ClInclude>
    <ClInclude Include="engine\ExternalDependencies\glm\glm\ext\vector_relational.hpp">
      <Filter>ExternalDependencies\glm\glm\ext</Filter>
    </ClInclude>
    <ClInclude Include="engine\ExternalDependencies\glm\glm\ext\vector_relational.inl">
      <Filter>ExternalDependencies\glm\glm\ext</Filter>
    </ClInclude>
    <ClInclude Include="engine\ExternalDependencies\glm\glm\ext\vector_uint1.hpp">
      <Filter>ExternalDependencies\glm\glm\ext</Filter>
    </ClInclude>
    <ClInclude Include="engine\ExternalDependencies\glm\glm\ext\vector_uint1_sized.hpp">
      <Filter>ExternalDependencies\glm\glm\ext</Filter>
    </ClInclude>
    <ClInclude Include="engine\ExternalDependencies\glm\glm\ext\vector_uint2.hpp">
      <Filter>ExternalDependencies\glm\glm\ext</Filter>
    </ClInclude>
    <ClInclude Include="engine\ExternalDependencies\glm\glm\ext\vector_uint2_sized.hpp">
      <Filter>ExternalDependencies\glm\glm\ext</Filter>
    </ClInclude>
    <ClInclude Include="engine\ExternalDependencies\glm\glm\ext\vector_uint3.hpp">
      <Filter>ExternalDependencies\glm\glm\ext</Filter>
    </ClInclude>
    <ClInclude Include="engine\ExternalDependencies\glm\glm\ext\vector_uint3_sized.hpp">
      <Filter>ExternalDependencies\glm\glm\ext</Filter>
    </ClInclude>
    <ClInclude Include="engine\ExternalDependencies\glm\glm\ext\vector_uint4.hpp">
      <Filter>ExternalDependencies\glm\glm\ext</Filter>
    </ClInclude>
    <ClInclude Include="engine\ExternalDependencies\glm\glm\ext\vector_uint4_sized.hpp">
      <Filter>ExternalDependencies\glm\glm\ext</Filter>
    </ClInclude>
    <ClInclude Include="engine\ExternalDependencies\glm\glm\ext\vector_ulp.hpp">
      <Filter>ExternalDependencies\glm\glm\ext</Filter>
    </ClInclude>
    <ClInclude Include="engine\ExternalDependencies\glm\glm\ext\vector_ulp.inl">
      <Filter>ExternalDependencies\glm\glm\ext</Filter>
    </ClInclude>
    <ClInclude Include="engine\ExternalDependencies\glm\glm\fwd.hpp">
      <Filter>ExternalDependencies\glm\glm</Filter>
    </ClInclude>
    <ClInclude Include="engine\ExternalDependencies\glm\glm\geometric.hpp">
      <Filter>ExternalDependencies\glm\glm</Filter>
    </ClInclude>
    <ClInclude Include="engine\ExternalDependencies\glm\glm\glm.hpp">
      <Filter>ExternalDependencies\glm\glm</Filter>
    </ClInclude>
    <ClInclude Include="engine\ExternalDependencies\glm\glm\gtc\bitfield.hpp">
      <Filter>ExternalDependencies\glm\glm\gtc</Filter>
    </ClInclude>
    <ClInclude Include="engine\ExternalDependencies\glm\glm\gtc\bitfield.inl">
      <Filter>ExternalDependencies\glm\glm\gtc</Filter>
    </ClInclude>
    <ClInclude Include="engine\ExternalDependencies\glm\glm\gtc\color_space.hpp">
      <Filter>ExternalDependencies\glm\glm\gtc</Filter>
    </ClInclude>
    <ClInclude Include="engine\ExternalDependencies\glm\glm\gtc\color_space.inl">
      <Filter>ExternalDependencies\glm\glm\gtc</Filter>
    </ClInclude>
    <ClInclude Include="engine\ExternalDependencies\glm\glm\gtc\constants.hpp">
      <Filter>ExternalDependencies\glm\glm\gtc</Filter>
    </ClInclude>
    <ClInclude Include="engine\ExternalDependencies\glm\glm\gtc\constants.inl">
      <Filter>ExternalDependencies\glm\glm\gtc</Filter>
    </ClInclude>
    <ClInclude Include="engine\ExternalDependencies\glm\glm\gtc\epsilon.hpp">
      <Filter>ExternalDependencies\glm\glm\gtc</Filter>
    </ClInclude>
    <ClInclude Include="engine\ExternalDependencies\glm\glm\gtc\epsilon.inl">
      <Filter>ExternalDependencies\glm\glm\gtc</Filter>
    </ClInclude>
    <ClInclude Include="engine\ExternalDependencies\glm\glm\gtc\integer.hpp">
      <Filter>ExternalDependencies\glm\glm\gtc</Filter>
    </ClInclude>
    <ClInclude Include="engine\ExternalDependencies\glm\glm\gtc\integer.inl">
      <Filter>ExternalDependencies\glm\glm\gtc</Filter>
    </ClInclude>
    <ClInclude Include="engine\ExternalDependencies\glm\glm\gtc\matrix_access.hpp">
      <Filter>ExternalDependencies\glm\glm\gtc</Filter>
    </ClInclude>
    <ClInclude Include="engine\ExternalDependencies\glm\glm\gtc\matrix_access.inl">
      <Filter>ExternalDependencies\glm\glm\gtc</Filter>
    </ClInclude>
    <ClInclude Include="engine\ExternalDependencies\glm\glm\gtc\matrix_integer.hpp">
      <Filter>ExternalDependencies\glm\glm\gtc</Filter>
    </ClInclude>
    <ClInclude Include="engine\ExternalDependencies\glm\glm\gtc\matrix_inverse.hpp">
      <Filter>ExternalDependencies\glm\glm\gtc</Filter>
    </ClInclude>
    <ClInclude Include="engine\ExternalDependencies\glm\glm\gtc\matrix_inverse.inl">
      <Filter>ExternalDependencies\glm\glm\gtc</Filter>
    </ClInclude>
    <ClInclude Include="engine\ExternalDependencies\glm\glm\gtc\matrix_transform.hpp">
      <Filter>ExternalDependencies\glm\glm\gtc</Filter>
    </ClInclude>
    <ClInclude Include="engine\ExternalDependencies\glm\glm\gtc\matrix_transform.inl">
      <Filter>ExternalDependencies\glm\glm\gtc</Filter>
    </ClInclude>
    <ClInclude Include="engine\ExternalDependencies\glm\glm\gtc\noise.hpp">
      <Filter>ExternalDependencies\glm\glm\gtc</Filter>
    </ClInclude>
    <ClInclude Include="engine\ExternalDependencies\glm\glm\gtc\noise.inl">
      <Filter>ExternalDependencies\glm\glm\gtc</Filter>
    </ClInclude>
    <ClInclude Include="engine\ExternalDependencies\glm\glm\gtc\packing.hpp">
      <Filter>ExternalDependencies\glm\glm\gtc</Filter>
    </ClInclude>
    <ClInclude Include="engine\ExternalDependencies\glm\glm\gtc\packing.inl">
      <Filter>ExternalDependencies\glm\glm\gtc</Filter>
    </ClInclude>
    <ClInclude Include="engine\ExternalDependencies\glm\glm\gtc\quaternion.hpp">
      <Filter>ExternalDependencies\glm\glm\gtc</Filter>
    </ClInclude>
    <ClInclude Include="engine\ExternalDependencies\glm\glm\gtc\quaternion.inl">
      <Filter>ExternalDependencies\glm\glm\gtc</Filter>
    </ClInclude>
    <ClInclude Include="engine\ExternalDependencies\glm\glm\gtc\quaternion_simd.inl">
      <Filter>ExternalDependencies\glm\glm\gtc</Filter>
    </ClInclude>
    <ClInclude Include="engine\ExternalDependencies\glm\glm\gtc\random.hpp">
      <Filter>ExternalDependencies\glm\glm\gtc</Filter>
    </ClInclude>
    <ClInclude Include="engine\ExternalDependencies\glm\glm\gtc\random.inl">
      <Filter>ExternalDependencies\glm\glm\gtc</Filter>
    </ClInclude>
    <ClInclude Include="engine\ExternalDependencies\glm\glm\gtc\reciprocal.hpp">
      <Filter>ExternalDependencies\glm\glm\gtc</Filter>
    </ClInclude>
    <ClInclude Include="engine\ExternalDependencies\glm\glm\gtc\round.hpp">
      <Filter>ExternalDependencies\glm\glm\gtc</Filter>
    </ClInclude>
    <ClInclude Include="engine\ExternalDependencies\glm\glm\gtc\round.inl">
      <Filter>ExternalDependencies\glm\glm\gtc</Filter>
    </ClInclude>
    <ClInclude Include="engine\ExternalDependencies\glm\glm\gtc\type_aligned.hpp">
      <Filter>ExternalDependencies\glm\glm\gtc</Filter>
    </ClInclude>
    <ClInclude Include="engine\ExternalDependencies\glm\glm\gtc\type_precision.hpp">
      <Filter>ExternalDependencies\glm\glm\gtc</Filter>
    </ClInclude>
    <ClInclude Include="engine\ExternalDependencies\glm\glm\gtc\type_precision.inl">
      <Filter>ExternalDependencies\glm\glm\gtc</Filter>
    </ClInclude>
    <ClInclude Include="engine\ExternalDependencies\glm\glm\gtc\type_ptr.hpp">
      <Filter>ExternalDependencies\glm\glm\gtc</Filter>
    </ClInclude>
    <ClInclude Include="engine\ExternalDependencies\glm\glm\gtc\type_ptr.inl">
      <Filter>ExternalDependencies\glm\glm\gtc</Filter>
    </ClInclude>
    <ClInclude Include="engine\ExternalDependencies\glm\glm\gtc\ulp.hpp">
      <Filter>ExternalDependencies\glm\glm\gtc</Filter>
    </ClInclude>
    <ClInclude Include="engine\ExternalDependencies\glm\glm\gtc\ulp.inl">
      <Filter>ExternalDependencies\glm\glm\gtc</Filter>
    </ClInclude>
    <ClInclude Include="engine\ExternalDependencies\glm\glm\gtc\vec1.hpp">
      <Filter>ExternalDependencies\glm\glm\gtc</Filter>
    </ClInclude>
    <ClInclude Include="engine\ExternalDependencies\glm\glm\gtx\associated_min_max.hpp">
      <Filter>ExternalDependencies\glm\glm\gtx</Filter>
    </ClInclude>
    <ClInclude Include="engine\ExternalDependencies\glm\glm\gtx\associated_min_max.inl">
      <Filter>ExternalDependencies\glm\glm\gtx</Filter>
    </ClInclude>
    <ClInclude Include="engine\ExternalDependencies\glm\glm\gtx\bit.hpp">
      <Filter>ExternalDependencies\glm\glm\gtx</Filter>
    </ClInclude>
    <ClInclude Include="engine\ExternalDependencies\glm\glm\gtx\bit.inl">
      <Filter>ExternalDependencies\glm\glm\gtx</Filter>
    </ClInclude>
    <ClInclude Include="engine\ExternalDependencies\glm\glm\gtx\closest_point.hpp">
      <Filter>ExternalDependencies\glm\glm\gtx</Filter>
    </ClInclude>
    <ClInclude Include="engine\ExternalDependencies\glm\glm\gtx\closest_point.inl">
      <Filter>ExternalDependencies\glm\glm\gtx</Filter>
    </ClInclude>
    <ClInclude Include="engine\ExternalDependencies\glm\glm\gtx\color_encoding.hpp">
      <Filter>ExternalDependencies\glm\glm\gtx</Filter>
    </ClInclude>
    <ClInclude Include="engine\ExternalDependencies\glm\glm\gtx\color_encoding.inl">
      <Filter>ExternalDependencies\glm\glm\gtx</Filter>
    </ClInclude>
    <ClInclude Include="engine\ExternalDependencies\glm\glm\gtx\color_space.hpp">
      <Filter>ExternalDependencies\glm\glm\gtx</Filter>
    </ClInclude>
    <ClInclude Include="engine\ExternalDependencies\glm\glm\gtx\color_space.inl">
      <Filter>ExternalDependencies\glm\glm\gtx</Filter>
    </ClInclude>
    <ClInclude Include="engine\ExternalDependencies\glm\glm\gtx\color_space_YCoCg.hpp">
      <Filter>ExternalDependencies\glm\glm\gtx</Filter>
    </ClInclude>
    <ClInclude Include="engine\ExternalDependencies\glm\glm\gtx\color_space_YCoCg.inl">
      <Filter>ExternalDependencies\glm\glm\gtx</Filter>
    </ClInclude>
    <ClInclude Include="engine\ExternalDependencies\glm\glm\gtx\common.hpp">
      <Filter>ExternalDependencies\glm\glm\gtx</Filter>
    </ClInclude>
    <ClInclude Include="engine\ExternalDependencies\glm\glm\gtx\common.inl">
      <Filter>ExternalDependencies\glm\glm\gtx</Filter>
    </ClInclude>
    <ClInclude Include="engine\ExternalDependencies\glm\glm\gtx\compatibility.hpp">
      <Filter>ExternalDependencies\glm\glm\gtx</Filter>
    </ClInclude>
    <ClInclude Include="engine\ExternalDependencies\glm\glm\gtx\compatibility.inl">
      <Filter>ExternalDependencies\glm\glm\gtx</Filter>
    </ClInclude>
    <ClInclude Include="engine\ExternalDependencies\glm\glm\gtx\component_wise.hpp">
      <Filter>ExternalDependencies\glm\glm\gtx</Filter>
    </ClInclude>
    <ClInclude Include="engine\ExternalDependencies\glm\glm\gtx\component_wise.inl">
      <Filter>ExternalDependencies\glm\glm\gtx</Filter>
    </ClInclude>
    <ClInclude Include="engine\ExternalDependencies\glm\glm\gtx\dual_quaternion.hpp">
      <Filter>ExternalDependencies\glm\glm\gtx</Filter>
    </ClInclude>
    <ClInclude Include="engine\ExternalDependencies\glm\glm\gtx\dual_quaternion.inl">
      <Filter>ExternalDependencies\glm\glm\gtx</Filter>
    </ClInclude>
    <ClInclude Include="engine\ExternalDependencies\glm\glm\gtx\easing.hpp">
      <Filter>ExternalDependencies\glm\glm\gtx</Filter>
    </ClInclude>
    <ClInclude Include="engine\ExternalDependencies\glm\glm\gtx\easing.inl">
      <Filter>ExternalDependencies\glm\glm\gtx</Filter>
    </ClInclude>
    <ClInclude Include="engine\ExternalDependencies\glm\glm\gtx\euler_angles.hpp">
      <Filter>ExternalDependencies\glm\glm\gtx</Filter>
    </ClInclude>
    <ClInclude Include="engine\ExternalDependencies\glm\glm\gtx\euler_angles.inl">
      <Filter>ExternalDependencies\glm\glm\gtx</Filter>
    </ClInclude>
    <ClInclude Include="engine\ExternalDependencies\glm\glm\gtx\extend.hpp">
      <Filter>ExternalDependencies\glm\glm\gtx</Filter>
    </ClInclude>
    <ClInclude Include="engine\ExternalDependencies\glm\glm\gtx\extend.inl">
      <Filter>ExternalDependencies\glm\glm\gtx</Filter>
    </ClInclude>
    <ClInclude Include="engine\ExternalDependencies\glm\glm\gtx\extended_min_max.hpp">
      <Filter>ExternalDependencies\glm\glm\gtx</Filter>
    </ClInclude>
    <ClInclude Include="engine\ExternalDependencies\glm\glm\gtx\extended_min_max.inl">
      <Filter>ExternalDependencies\glm\glm\gtx</Filter>
    </ClInclude>
    <ClInclude Include="engine\ExternalDependencies\glm\glm\gtx\exterior_product.hpp">
      <Filter>ExternalDependencies\glm\glm\gtx</Filter>
    </ClInclude>
    <ClInclude Include="engine\ExternalDependencies\glm\glm\gtx\exterior_product.inl">
      <Filter>ExternalDependencies\glm\glm\gtx</Filter>
    </ClInclude>
    <ClInclude Include="engine\ExternalDependencies\glm\glm\gtx\fast_exponential.hpp">
      <Filter>ExternalDependencies\glm\glm\gtx</Filter>
    </ClInclude>
    <ClInclude Include="engine\ExternalDependencies\glm\glm\gtx\fast_exponential.inl">
      <Filter>ExternalDependencies\glm\glm\gtx</Filter>
    </ClInclude>
    <ClInclude Include="engine\ExternalDependencies\glm\glm\gtx\fast_square_root.hpp">
      <Filter>ExternalDependencies\glm\glm\gtx</Filter>
    </ClInclude>
    <ClInclude Include="engine\ExternalDependencies\glm\glm\gtx\fast_square_root.inl">
      <Filter>ExternalDependencies\glm\glm\gtx</Filter>
    </ClInclude>
    <ClInclude Include="engine\ExternalDependencies\glm\glm\gtx\fast_trigonometry.hpp">
      <Filter>ExternalDependencies\glm\glm\gtx</Filter>
    </ClInclude>
    <ClInclude Include="engine\ExternalDependencies\glm\glm\gtx\fast_trigonometry.inl">
      <Filter>ExternalDependencies\glm\glm\gtx</Filter>
    </ClInclude>
    <ClInclude Include="engine\ExternalDependencies\glm\glm\gtx\float_notmalize.inl">
      <Filter>ExternalDependencies\glm\glm\gtx</Filter>
    </ClInclude>
    <ClInclude Include="engine\ExternalDependencies\glm\glm\gtx\functions.hpp">
      <Filter>ExternalDependencies\glm\glm\gtx</Filter>
    </ClInclude>
    <ClInclude Include="engine\ExternalDependencies\glm\glm\gtx\functions.inl">
      <Filter>ExternalDependencies\glm\glm\gtx</Filter>
    </ClInclude>
    <ClInclude Include="engine\ExternalDependencies\glm\glm\gtx\gradient_paint.hpp">
      <Filter>ExternalDependencies\glm\glm\gtx</Filter>
    </ClInclude>
    <ClInclude Include="engine\ExternalDependencies\glm\glm\gtx\gradient_paint.inl">
      <Filter>ExternalDependencies\glm\glm\gtx</Filter>
    </ClInclude>
    <ClInclude Include="engine\ExternalDependencies\glm\glm\gtx\handed_coordinate_space.hpp">
      <Filter>ExternalDependencies\glm\glm\gtx</Filter>
    </ClInclude>
    <ClInclude Include="engine\ExternalDependencies\glm\glm\gtx\handed_coordinate_space.inl">
      <Filter>ExternalDependencies\glm\glm\gtx</Filter>
    </ClInclude>
    <ClInclude Include="engine\ExternalDependencies\glm\glm\gtx\hash.hpp">
      <Filter>ExternalDependencies\glm\glm\gtx</Filter>
    </ClInclude>
    <ClInclude Include="engine\ExternalDependencies\glm\glm\gtx\hash.inl">
      <Filter>ExternalDependencies\glm\glm\gtx</Filter>
    </ClInclude>
    <ClInclude Include="engine\ExternalDependencies\glm\glm\gtx\integer.hpp">
      <Filter>ExternalDependencies\glm\glm\gtx</Filter>
    </ClInclude>
    <ClInclude Include="engine\ExternalDependencies\glm\glm\gtx\integer.inl">
      <Filter>ExternalDependencies\glm\glm\gtx</Filter>
    </ClInclude>
    <ClInclude Include="engine\ExternalDependencies\glm\glm\gtx\intersect.hpp">
      <Filter>ExternalDependencies\glm\glm\gtx</Filter>
    </ClInclude>
    <ClInclude Include="engine\ExternalDependencies\glm\glm\gtx\intersect.inl">
      <Filter>ExternalDependencies\glm\glm\gtx</Filter>
    </ClInclude>
    <ClInclude Include="engine\ExternalDependencies\glm\glm\gtx\io.hpp">
      <Filter>ExternalDependencies\glm\glm\gtx</Filter>
    </ClInclude>
    <ClInclude Include="engine\ExternalDependencies\glm\glm\gtx\io.inl">
      <Filter>ExternalDependencies\glm\glm\gtx</Filter>
    </ClInclude>
    <ClInclude Include="engine\ExternalDependencies\glm\glm\gtx\log_base.hpp">
      <Filter>ExternalDependencies\glm\glm\gtx</Filter>
    </ClInclude>
    <ClInclude Include="engine\ExternalDependencies\glm\glm\gtx\log_base.inl">
      <Filter>ExternalDependencies\glm\glm\gtx</Filter>
    </ClInclude>
    <ClInclude Include="engine\ExternalDependencies\glm\glm\gtx\matrix_cross_product.hpp">
      <Filter>ExternalDependencies\glm\glm\gtx</Filter>
    </ClInclude>
    <ClInclude Include="engine\ExternalDependencies\glm\glm\gtx\matrix_cross_product.inl">
      <Filter>ExternalDependencies\glm\glm\gtx</Filter>
    </ClInclude>
    <ClInclude Include="engine\ExternalDependencies\glm\glm\gtx\matrix_decompose.hpp">
      <Filter>ExternalDependencies\glm\glm\gtx</Filter>
    </ClInclude>
    <ClInclude Include="engine\ExternalDependencies\glm\glm\gtx\matrix_decompose.inl">
      <Filter>ExternalDependencies\glm\glm\gtx</Filter>
    </ClInclude>
    <ClInclude Include="engine\ExternalDependencies\glm\glm\gtx\matrix_factorisation.hpp">
      <Filter>ExternalDependencies\glm\glm\gtx</Filter>
    </ClInclude>
    <ClInclude Include="engine\ExternalDependencies\glm\glm\gtx\matrix_factorisation.inl">
      <Filter>ExternalDependencies\glm\glm\gtx</Filter>
    </ClInclude>
    <ClInclude Include="engine\ExternalDependencies\glm\glm\gtx\matrix_interpolation.hpp">
      <Filter>ExternalDependencies\glm\glm\gtx</Filter>
    </ClInclude>
    <ClInclude Include="engine\ExternalDependencies\glm\glm\gtx\matrix_interpolation.inl">
      <Filter>ExternalDependencies\glm\glm\gtx</Filter>
    </ClInclude>
    <ClInclude Include="engine\ExternalDependencies\glm\glm\gtx\matrix_major_storage.hpp">
      <Filter>ExternalDependencies\glm\glm\gtx</Filter>
    </ClInclude>
    <ClInclude Include="engine\ExternalDependencies\glm\glm\gtx\matrix_major_storage.inl">
      <Filter>ExternalDependencies\glm\glm\gtx</Filter>
    </ClInclude>
    <ClInclude Include="engine\ExternalDependencies\glm\glm\gtx\matrix_operation.hpp">
      <Filter>ExternalDependencies\glm\glm\gtx</Filter>
    </ClInclude>
    <ClInclude Include="engine\ExternalDependencies\glm\glm\gtx\matrix_operation.inl">
      <Filter>ExternalDependencies\glm\glm\gtx</Filter>
    </ClInclude>
    <ClInclude Include="engine\ExternalDependencies\glm\glm\gtx\matrix_query.hpp">
      <Filter>ExternalDependencies\glm\glm\gtx</Filter>
    </ClInclude>
    <ClInclude Include="engine\ExternalDependencies\glm\glm\gtx\matrix_query.inl">
      <Filter>ExternalDependencies\glm\glm\gtx</Filter>
    </ClInclude>
    <ClInclude Include="engine\ExternalDependencies\glm\glm\gtx\matrix_transform_2d.hpp">
      <Filter>ExternalDependencies\glm\glm\gtx</Filter>
    </ClInclude>
    <ClInclude Include="engine\ExternalDependencies\glm\glm\gtx\matrix_transform_2d.inl">
      <Filter>ExternalDependencies\glm\glm\gtx</Filter>
    </ClInclude>
    <ClInclude Include="engine\ExternalDependencies\glm\glm\gtx\mixed_product.hpp">
      <Filter>ExternalDependencies\glm\glm\gtx</Filter>
    </ClInclude>
    <ClInclude Include="engine\ExternalDependencies\glm\glm\gtx\mixed_product.inl">
      <Filter>ExternalDependencies\glm\glm\gtx</Filter>
    </ClInclude>
    <ClInclude Include="engine\ExternalDependencies\glm\glm\gtx\norm.hpp">
      <Filter>ExternalDependencies\glm\glm\gtx</Filter>
    </ClInclude>
    <ClInclude Include="engine\ExternalDependencies\glm\glm\gtx\norm.inl">
      <Filter>ExternalDependencies\glm\glm\gtx</Filter>
    </ClInclude>
    <ClInclude Include="engine\ExternalDependencies\glm\glm\gtx\normal.hpp">
      <Filter>ExternalDependencies\glm\glm\gtx</Filter>
    </ClInclude>
    <ClInclude Include="engine\ExternalDependencies\glm\glm\gtx\normal.inl">
      <Filter>ExternalDependencies\glm\glm\gtx</Filter>
    </ClInclude>
    <ClInclude Include="engine\ExternalDependencies\glm\glm\gtx\normalize_dot.hpp">
      <Filter>ExternalDependencies\glm\glm\gtx</Filter>
    </ClInclude>
    <ClInclude Include="engine\ExternalDependencies\glm\glm\gtx\normalize_dot.inl">
      <Filter>ExternalDependencies\glm\glm\gtx</Filter>
    </ClInclude>
    <ClInclude Include="engine\ExternalDependencies\glm\glm\gtx\number_precision.hpp">
      <Filter>ExternalDependencies\glm\glm\gtx</Filter>
    </ClInclude>
    <ClInclude Include="engine\ExternalDependencies\glm\glm\gtx\number_precision.inl">
      <Filter>ExternalDependencies\glm\glm\gtx</Filter>
    </ClInclude>
    <ClInclude Include="engine\ExternalDependencies\glm\glm\gtx\optimum_pow.hpp">
      <Filter>ExternalDependencies\glm\glm\gtx</Filter>
    </ClInclude>
    <ClInclude Include="engine\ExternalDependencies\glm\glm\gtx\optimum_pow.inl">
      <Filter>ExternalDependencies\glm\glm\gtx</Filter>
    </ClInclude>
    <ClInclude Include="engine\ExternalDependencies\glm\glm\gtx\orthonormalize.hpp">
      <Filter>ExternalDependencies\glm\glm\gtx</Filter>
    </ClInclude>
    <ClInclude Include="engine\ExternalDependencies\glm\glm\gtx\orthonormalize.inl">
      <Filter>ExternalDependencies\glm\glm\gtx</Filter>
    </ClInclude>
    <ClInclude Include="engine\ExternalDependencies\glm\glm\gtx\pca.hpp">
      <Filter>ExternalDependencies\glm\glm\gtx</Filter>
    </ClInclude>
    <ClInclude Include="engine\ExternalDependencies\glm\glm\gtx\pca.inl">
      <Filter>ExternalDependencies\glm\glm\gtx</Filter>
    </ClInclude>
    <ClInclude Include="engine\ExternalDependencies\glm\glm\gtx\perpendicular.hpp">
      <Filter>ExternalDependencies\glm\glm\gtx</Filter>
    </ClInclude>
    <ClInclude Include="engine\ExternalDependencies\glm\glm\gtx\perpendicular.inl">
      <Filter>ExternalDependencies\glm\glm\gtx</Filter>
    </ClInclude>
    <ClInclude Include="engine\ExternalDependencies\glm\glm\gtx\polar_coordinates.hpp">
      <Filter>ExternalDependencies\glm\glm\gtx</Filter>
    </ClInclude>
    <ClInclude Include="engine\ExternalDependencies\glm\glm\gtx\polar_coordinates.inl">
      <Filter>ExternalDependencies\glm\glm\gtx</Filter>
    </ClInclude>
    <ClInclude Include="engine\ExternalDependencies\glm\glm\gtx\projection.hpp">
      <Filter>ExternalDependencies\glm\glm\gtx</Filter>
    </ClInclude>
    <ClInclude Include="engine\ExternalDependencies\glm\glm\gtx\projection.inl">
      <Filter>ExternalDependencies\glm\glm\gtx</Filter>
    </ClInclude>
    <ClInclude Include="engine\ExternalDependencies\glm\glm\gtx\quaternion.hpp">
      <Filter>ExternalDependencies\glm\glm\gtx</Filter>
    </ClInclude>
    <ClInclude Include="engine\ExternalDependencies\glm\glm\gtx\quaternion.inl">
      <Filter>ExternalDependencies\glm\glm\gtx</Filter>
    </ClInclude>
    <ClInclude Include="engine\ExternalDependencies\glm\glm\gtx\range.hpp">
      <Filter>ExternalDependencies\glm\glm\gtx</Filter>
    </ClInclude>
    <ClInclude Include="engine\ExternalDependencies\glm\glm\gtx\raw_data.hpp">
      <Filter>ExternalDependencies\glm\glm\gtx</Filter>
    </ClInclude>
    <ClInclude Include="engine\ExternalDependencies\glm\glm\gtx\raw_data.inl">
      <Filter>ExternalDependencies\glm\glm\gtx</Filter>
    </ClInclude>
    <ClInclude Include="engine\ExternalDependencies\glm\glm\gtx\rotate_normalized_axis.hpp">
      <Filter>ExternalDependencies\glm\glm\gtx</Filter>
    </ClInclude>
    <ClInclude Include="engine\ExternalDependencies\glm\glm\gtx\rotate_normalized_axis.inl">
      <Filter>ExternalDependencies\glm\glm\gtx</Filter>
    </ClInclude>
    <ClInclude Include="engine\ExternalDependencies\glm\glm\gtx\rotate_vector.hpp">
      <Filter>ExternalDependencies\glm\glm\gtx</Filter>
    </ClInclude>
    <ClInclude Include="engine\ExternalDependencies\glm\glm\gtx\rotate_vector.inl">
      <Filter>ExternalDependencies\glm\glm\gtx</Filter>
    </ClInclude>
    <ClInclude Include="engine\ExternalDependencies\glm\glm\gtx\scalar_multiplication.hpp">
      <Filter>ExternalDependencies\glm\glm\gtx</Filter>
    </ClInclude>
    <ClInclude Include="engine\ExternalDependencies\glm\glm\gtx\scalar_relational.hpp">
      <Filter>ExternalDependencies\glm\glm\gtx</Filter>
    </ClInclude>
    <ClInclude Include="engine\ExternalDependencies\glm\glm\gtx\scalar_relational.inl">
      <Filter>ExternalDependencies\glm\glm\gtx</Filter>
    </ClInclude>
    <ClInclude Include="engine\ExternalDependencies\glm\glm\gtx\spline.hpp">
      <Filter>ExternalDependencies\glm\glm\gtx</Filter>
    </ClInclude>
    <ClInclude Include="engine\ExternalDependencies\glm\glm\gtx\spline.inl">
      <Filter>ExternalDependencies\glm\glm\gtx</Filter>
    </ClInclude>
    <ClInclude Include="engine\ExternalDependencies\glm\glm\gtx\std_based_type.hpp">
      <Filter>ExternalDependencies\glm\glm\gtx</Filter>
    </ClInclude>
    <ClInclude Include="engine\ExternalDependencies\glm\glm\gtx\std_based_type.inl">
      <Filter>ExternalDependencies\glm\glm\gtx</Filter>
    </ClInclude>
    <ClInclude Include="engine\ExternalDependencies\glm\glm\gtx\string_cast.hpp">
      <Filter>ExternalDependencies\glm\glm\gtx</Filter>
    </ClInclude>
    <ClInclude Include="engine\ExternalDependencies\glm\glm\gtx\string_cast.inl">
      <Filter>ExternalDependencies\glm\glm\gtx</Filter>
    </ClInclude>
    <ClInclude Include="engine\ExternalDependencies\glm\glm\gtx\texture.hpp">
      <Filter>ExternalDependencies\glm\glm\gtx</Filter>
    </ClInclude>
    <ClInclude Include="engine\ExternalDependencies\glm\glm\gtx\texture.inl">
      <Filter>ExternalDependencies\glm\glm\gtx</Filter>
    </ClInclude>
    <ClInclude Include="engine\ExternalDependencies\glm\glm\gtx\transform.hpp">
      <Filter>ExternalDependencies\glm\glm\gtx</Filter>
    </ClInclude>
    <ClInclude Include="engine\ExternalDependencies\glm\glm\gtx\transform.inl">
      <Filter>ExternalDependencies\glm\glm\gtx</Filter>
    </ClInclude>
    <ClInclude Include="engine\ExternalDependencies\glm\glm\gtx\transform2.hpp">
      <Filter>ExternalDependencies\glm\glm\gtx</Filter>
    </ClInclude>
    <ClInclude Include="engine\ExternalDependencies\glm\glm\gtx\transform2.inl">
      <Filter>ExternalDependencies\glm\glm\gtx</Filter>
    </ClInclude>
    <ClInclude Include="engine\ExternalDependencies\glm\glm\gtx\type_aligned.hpp">
      <Filter>ExternalDependencies\glm\glm\gtx</Filter>
    </ClInclude>
    <ClInclude Include="engine\ExternalDependencies\glm\glm\gtx\type_aligned.inl">
      <Filter>ExternalDependencies\glm\glm\gtx</Filter>
    </ClInclude>
    <ClInclude Include="engine\ExternalDependencies\glm\glm\gtx\type_trait.hpp">
      <Filter>ExternalDependencies\glm\glm\gtx</Filter>
    </ClInclude>
    <ClInclude Include="engine\ExternalDependencies\glm\glm\gtx\type_trait.inl">
      <Filter>ExternalDependencies\glm\glm\gtx</Filter>
    </ClInclude>
    <ClInclude Include="engine\ExternalDependencies\glm\glm\gtx\vec_swizzle.hpp">
      <Filter>ExternalDependencies\glm\glm\gtx</Filter>
    </ClInclude>
    <ClInclude Include="engine\ExternalDependencies\glm\glm\gtx\vector_angle.hpp">
      <Filter>ExternalDependencies\glm\glm\gtx</Filter>
    </ClInclude>
    <ClInclude Include="engine\ExternalDependencies\glm\glm\gtx\vector_angle.inl">
      <Filter>ExternalDependencies\glm\glm\gtx</Filter>
    </ClInclude>
    <ClInclude Include="engine\ExternalDependencies\glm\glm\gtx\vector_query.hpp">
      <Filter>ExternalDependencies\glm\glm\gtx</Filter>
    </ClInclude>
    <ClInclude Include="engine\ExternalDependencies\glm\glm\gtx\vector_query.inl">
      <Filter>ExternalDependencies\glm\glm\gtx</Filter>
    </ClInclude>
    <ClInclude Include="engine\ExternalDependencies\glm\glm\gtx\wrap.hpp">
      <Filter>ExternalDependencies\glm\glm\gtx</Filter>
    </ClInclude>
    <ClInclude Include="engine\ExternalDependencies\glm\glm\gtx\wrap.inl">
      <Filter>ExternalDependencies\glm\glm\gtx</Filter>
    </ClInclude>
    <ClInclude Include="engine\ExternalDependencies\glm\glm\integer.hpp">
      <Filter>ExternalDependencies\glm\glm</Filter>
    </ClInclude>
    <ClInclude Include="engine\ExternalDependencies\glm\glm\mat2x2.hpp">
      <Filter>ExternalDependencies\glm\glm</Filter>
    </ClInclude>
    <ClInclude Include="engine\ExternalDependencies\glm\glm\mat2x3.hpp">
      <Filter>ExternalDependencies\glm\glm</Filter>
    </ClInclude>
    <ClInclude Include="engine\ExternalDependencies\glm\glm\mat2x4.hpp">
      <Filter>ExternalDependencies\glm\glm</Filter>
    </ClInclude>
    <ClInclude Include="engine\ExternalDependencies\glm\glm\mat3x2.hpp">
      <Filter>ExternalDependencies\glm\glm</Filter>
    </ClInclude>
    <ClInclude Include="engine\ExternalDependencies\glm\glm\mat3x3.hpp">
      <Filter>ExternalDependencies\glm\glm</Filter>
    </ClInclude>
    <ClInclude Include="engine\ExternalDependencies\glm\glm\mat3x4.hpp">
      <Filter>ExternalDependencies\glm\glm</Filter>
    </ClInclude>
    <ClInclude Include="engine\ExternalDependencies\glm\glm\mat4x2.hpp">
      <Filter>ExternalDependencies\glm\glm</Filter>
    </ClInclude>
    <ClInclude Include="engine\ExternalDependencies\glm\glm\mat4x3.hpp">
      <Filter>ExternalDependencies\glm\glm</Filter>
    </ClInclude>
    <ClInclude Include="engine\ExternalDependencies\glm\glm\mat4x4.hpp">
      <Filter>ExternalDependencies\glm\glm</Filter>
    </ClInclude>
    <ClInclude Include="engine\ExternalDependencies\glm\glm\matrix.hpp">
      <Filter>ExternalDependencies\glm\glm</Filter>
    </ClInclude>
    <ClInclude Include="engine\ExternalDependencies\glm\glm\packing.hpp">
      <Filter>ExternalDependencies\glm\glm</Filter>
    </ClInclude>
    <ClInclude Include="engine\ExternalDependencies\glm\glm\simd\common.h">
      <Filter>ExternalDependencies\glm\glm\simd</Filter>
    </ClInclude>
    <ClInclude Include="engine\ExternalDependencies\glm\glm\simd\exponential.h">
      <Filter>ExternalDependencies\glm\glm\simd</Filter>
    </ClInclude>
    <ClInclude Include="engine\ExternalDependencies\glm\glm\simd\geometric.h">
      <Filter>ExternalDependencies\glm\glm\simd</Filter>
    </ClInclude>
    <ClInclude Include="engine\ExternalDependencies\glm\glm\simd\integer.h">
      <Filter>ExternalDependencies\glm\glm\simd</Filter>
    </ClInclude>
    <ClInclude Include="engine\ExternalDependencies\glm\glm\simd\matrix.h">
      <Filter>ExternalDependencies\glm\glm\simd</Filter>
    </ClInclude>
    <ClInclude Include="engine\ExternalDependencies\glm\glm\simd\neon.h">
      <Filter>ExternalDependencies\glm\glm\simd</Filter>
    </ClInclude>
    <ClInclude Include="engine\ExternalDependencies\glm\glm\simd\packing.h">
      <Filter>ExternalDependencies\glm\glm\simd</Filter>
    </ClInclude>
    <ClInclude Include="engine\ExternalDependencies\glm\glm\simd\platform.h">
      <Filter>ExternalDependencies\glm\glm\simd</Filter>
    </ClInclude>
    <ClInclude Include="engine\ExternalDependencies\glm\glm\simd\trigonometric.h">
      <Filter>ExternalDependencies\glm\glm\simd</Filter>
    </ClInclude>
    <ClInclude Include="engine\ExternalDependencies\glm\glm\simd\vector_relational.h">
      <Filter>ExternalDependencies\glm\glm\simd</Filter>
    </ClInclude>
    <ClInclude Include="engine\ExternalDependencies\glm\glm\trigonometric.hpp">
      <Filter>ExternalDependencies\glm\glm</Filter>
    </ClInclude>
    <ClInclude Include="engine\ExternalDependencies\glm\glm\vec2.hpp">
      <Filter>ExternalDependencies\glm\glm</Filter>
    </ClInclude>
    <ClInclude Include="engine\ExternalDependencies\glm\glm\vec3.hpp">
      <Filter>ExternalDependencies\glm\glm</Filter>
    </ClInclude>
    <ClInclude Include="engine\ExternalDependencies\glm\glm\vec4.hpp">
      <Filter>ExternalDependencies\glm\glm</Filter>
    </ClInclude>
    <ClInclude Include="engine\ExternalDependencies\glm\glm\vector_relational.hpp">
      <Filter>ExternalDependencies\glm\glm</Filter>
    </ClInclude>
    <ClInclude Include="engine\ExternalDependencies\stb_image\stb_image.h">
      <Filter>ExternalDependencies\stb_image</Filter>
    </ClInclude>
    <ClInclude Include="engine\src\Blu.h">
      <Filter>src</Filter>
    </ClInclude>
    <ClInclude Include="engine\src\Blu\Core\Application.h">
      <Filter>src\Blu\Core</Filter>
    </ClInclude>
    <ClInclude Include="engine\src\Blu\Core\Core.h">
      <Filter>src\Blu\Core</Filter>
    </ClInclude>
    <ClInclude Include="engine\src\Blu\Core\EntryPoint.h">
      <Filter>src\Blu\Core</Filter>
    </ClInclude>
    <ClInclude Include="engine\src\Blu\Core\Input.h">
      <Filter>src\Blu\Core</Filter>
    </ClInclude>
    <ClInclude Include="engine\src\Blu\Core\KeyCodes.h">
      <Filter>src\Blu\Core</Filter>
    </ClInclude>
    <ClInclude Include="engine\src\Blu\Core\Layer.h">
      <Filter>src\Blu\Core</Filter>
    </ClInclude>
    <ClInclude Include="engine\src\Blu\Core\LayerStack.h">
      <Filter>src\Blu\Core</Filter>
    </ClInclude>
    <ClInclude Include="engine\src\Blu\Core\Log.h">
      <Filter>src\Blu\Core</Filter>
    </ClInclude>
    <ClInclude Include="engine\src\Blu\Core\MouseCodes.h">
      <Filter>src\Blu\Core</Filter>
    </ClInclude>
    <ClInclude Include="engine\src\Blu\Core\Timestep.h">
      <Filter>src\Blu\Core</Filter>
    </ClInclude>
    <ClInclude Include="engine\src\Blu\Core\Window.h">
      <Filter>src\Blu\Core</Filter>
    </ClInclude>
    <ClInclude Include="engine\src\Blu\Events\Event.h">
      <Filter>src\Blu\Events</Filter>
    </ClInclude>
    <ClInclude Include="engine\src\Blu\Events\EventDispatcher.h">
      <Filter>src\Blu\Events</Filter>
    </ClInclude>
    <ClInclude Include="engine\src\Blu\Events\EventHandler.h">
      <Filter>src\Blu\Events</Filter>
    </ClInclude>
    <ClInclude Include="engine\src\Blu\Events\EventManager.h">
      <Filter>src\Blu\Events</Filter>
    </ClInclude>
    <ClInclude Include="engine\src\Blu\Events\GLFWCallbacks.h">
      <Filter>src\Blu\Events</Filter>
    </ClInclude>
    <ClInclude Include="engine\src\Blu\Events\KeyEvent.h">
      <Filter>src\Blu\Events</Filter>
    </ClInclude>
    <ClInclude Include="engine\src\Blu\Events\MouseEvent.h">
      <Filter>src\Blu\Events</Filter>
    </ClInclude>
    <ClInclude Include="engine\src\Blu\Events\WindowEvent.h">
      <Filter>src\Blu\Events</Filter>
    </ClInclude>
    <ClInclude Include="engine\src\Blu\ImGui\ImGuiLayer.h">
      <Filter>src\Blu\ImGui</Filter>
    </ClInclude>
    <ClInclude Include="engine\src\Blu\Platform\OpenGL\ImGuiOpenGLRenderer.h">
      <Filter>src\Blu\Platform\OpenGL</Filter>
    </ClInclude>
    <ClInclude Include="engine\src\Blu\Platform\OpenGL\OpenGLBuffer.h">
      <Filter>src\Blu\Platform\OpenGL</Filter>
    </ClInclude>
    <ClInclude Include="engine\src\Blu\Platform\OpenGL\OpenGLContext.h">
      <Filter>src\Blu\Platform\OpenGL</Filter>
    </ClInclude>
    <ClInclude Include="engine\src\Blu\Platform\OpenGL\OpenGLRendererAPI.h">
      <Filter>src\Blu\Platform\OpenGL</Filter>
    </ClInclude>
    <ClInclude Include="engine\src\Blu\Platform\OpenGL\OpenGLShader.h">
      <Filter>src\Blu\Platform\OpenGL</Filter>
    </ClInclude>
    <ClInclude Include="engine\src\Blu\Platform\OpenGL\OpenGLTexture.h">
      <Filter>src\Blu\Platform\OpenGL</Filter>
    </ClInclude>
    <ClInclude Include="engine\src\Blu\Platform\OpenGL\OpenGLVertexArray.h">
      <Filter>src\Blu\Platform\OpenGL</Filter>
    </ClInclude>
    <ClInclude Include="engine\src\Blu\Platform\Windows\WindowsInput.h">
      <Filter>src\Blu\Platform\Windows</Filter>
    </ClInclude>
    <ClInclude Include="engine\src\Blu\Platform\Windows\WindowsWindow.h">
      <Filter>src\Blu\Platform\Windows</Filter>
    </ClInclude>
    <ClInclude Include="engine\src\Blu\Rendering\Buffer.h">
      <Filter>src\Blu\Rendering</Filter>
    </ClInclude>
    <ClInclude Include="engine\src\Blu\Rendering\GraphicsContext.h">
      <Filter>src\Blu\Rendering</Filter>
    </ClInclude>
    <ClInclude Include="engine\src\Blu\Rendering\OrthographicCamera.h">
      <Filter>src\Blu\Rendering</Filter>
    </ClInclude>
    <ClInclude Include="engine\src\Blu\Rendering\RenderCommand.h">
      <Filter>src\Blu\Rendering</Filter>
    </ClInclude>
    <ClInclude Include="engine\src\Blu\Rendering\Renderer.h">
      <Filter>src\Blu\Rendering</Filter>
    </ClInclude>
    <ClInclude Include="engine\src\Blu\Rendering\RendererAPI.h">
      <Filter>src\Blu\Rendering</Filter>
    </ClInclude>
    <ClInclude Include="engine\src\Blu\Rendering\Shader.h">
      <Filter>src\Blu\Rendering</Filter>
    </ClInclude>
    <ClInclude Include="engine\src\Blu\Rendering\Texture.h">
      <Filter>src\Blu\Rendering</Filter>
    </ClInclude>
    <ClInclude Include="engine\src\Blu\Rendering\VertexArray.h">
      <Filter>src\Blu\Rendering</Filter>
    </ClInclude>
    <ClInclude Include="engine\src\Blupch.h">
      <Filter>src</Filter>
    </ClInclude>
    <ClInclude Include="engine\src\Blu\Core\OrthographicCameraController.h" />
  </ItemGroup>
  <ItemGroup>
    <ClCompile Include="engine\ExternalDependencies\stb_image\stb_image.cpp">
      <Filter>ExternalDependencies\stb_image</Filter>
    </ClCompile>
    <ClCompile Include="engine\src\Blu\Core\Application.cpp">
      <Filter>src\Blu\Core</Filter>
    </ClCompile>
    <ClCompile Include="engine\src\Blu\Core\Layer.cpp">
      <Filter>src\Blu\Core</Filter>
    </ClCompile>
    <ClCompile Include="engine\src\Blu\Core\LayerStack.cpp">
      <Filter>src\Blu\Core</Filter>
    </ClCompile>
    <ClCompile Include="engine\src\Blu\Core\Log.cpp">
      <Filter>src\Blu\Core</Filter>
    </ClCompile>
    <ClCompile Include="engine\src\Blu\Events\EventDispatcher.cpp">
      <Filter>src\Blu\Events</Filter>
    </ClCompile>
    <ClCompile Include="engine\src\Blu\Events\EventHandler.cpp">
      <Filter>src\Blu\Events</Filter>
    </ClCompile>
    <ClCompile Include="engine\src\Blu\Events\EventManager.cpp">
      <Filter>src\Blu\Events</Filter>
    </ClCompile>
    <ClCompile Include="engine\src\Blu\ImGui\ImGuiBuild.cpp">
      <Filter>src\Blu\ImGui</Filter>
    </ClCompile>
    <ClCompile Include="engine\src\Blu\ImGui\ImGuiLayer.cpp">
      <Filter>src\Blu\ImGui</Filter>
    </ClCompile>
    <ClCompile Include="engine\src\Blu\Platform\OpenGL\ImGuiOpenGLRenderer.cpp">
      <Filter>src\Blu\Platform\OpenGL</Filter>
    </ClCompile>
    <ClCompile Include="engine\src\Blu\Platform\OpenGL\OpenGLBuffer.cpp">
      <Filter>src\Blu\Platform\OpenGL</Filter>
    </ClCompile>
    <ClCompile Include="engine\src\Blu\Platform\OpenGL\OpenGLContext.cpp">
      <Filter>src\Blu\Platform\OpenGL</Filter>
    </ClCompile>
    <ClCompile Include="engine\src\Blu\Platform\OpenGL\OpenGLRendererAPI.cpp">
      <Filter>src\Blu\Platform\OpenGL</Filter>
    </ClCompile>
    <ClCompile Include="engine\src\Blu\Platform\OpenGL\OpenGLShader.cpp">
      <Filter>src\Blu\Platform\OpenGL</Filter>
    </ClCompile>
    <ClCompile Include="engine\src\Blu\Platform\OpenGL\OpenGLTexture.cpp">
      <Filter>src\Blu\Platform\OpenGL</Filter>
    </ClCompile>
    <ClCompile Include="engine\src\Blu\Platform\OpenGL\OpenGLVertexArray.cpp">
      <Filter>src\Blu\Platform\OpenGL</Filter>
    </ClCompile>
    <ClCompile Include="engine\src\Blu\Platform\Windows\WindowsInput.cpp">
      <Filter>src\Blu\Platform\Windows</Filter>
    </ClCompile>
    <ClCompile Include="engine\src\Blu\Platform\Windows\WindowsWindow.cpp">
      <Filter>src\Blu\Platform\Windows</Filter>
    </ClCompile>
    <ClCompile Include="engine\src\Blu\Rendering\Buffer.cpp">
      <Filter>src\Blu\Rendering</Filter>
    </ClCompile>
    <ClCompile Include="engine\src\Blu\Rendering\OrthographicCamera.cpp">
      <Filter>src\Blu\Rendering</Filter>
    </ClCompile>
    <ClCompile Include="engine\src\Blu\Rendering\RenderCommand.cpp">
      <Filter>src\Blu\Rendering</Filter>
    </ClCompile>
    <ClCompile Include="engine\src\Blu\Rendering\Renderer.cpp">
      <Filter>src\Blu\Rendering</Filter>
    </ClCompile>
    <ClCompile Include="engine\src\Blu\Rendering\RendererAPI.cpp">
      <Filter>src\Blu\Rendering</Filter>
    </ClCompile>
    <ClCompile Include="engine\src\Blu\Rendering\Shader.cpp">
      <Filter>src\Blu\Rendering</Filter>
    </ClCompile>
    <ClCompile Include="engine\src\Blu\Rendering\Texture.cpp">
      <Filter>src\Blu\Rendering</Filter>
    </ClCompile>
    <ClCompile Include="engine\src\Blu\Rendering\VertexArray.cpp">
      <Filter>src\Blu\Rendering</Filter>
    </ClCompile>
    <ClCompile Include="engine\src\Blupch.cpp">
      <Filter>src</Filter>
    </ClCompile>
    <ClCompile Include="engine\src\Blu\Core\OrthographicCameraController.cpp" />
    <ClCompile Include="engine\src\Blu\Events\WindowEvent.cpp" />
    <ClCompile Include="engine\src\Blu\Events\MouseEvent.cpp" />
    <ClCompile Include="engine\src\Blu\Events\KeyEvent.cpp" />
  </ItemGroup>
</Project>