<?xml version="1.0" encoding="utf-8"?>
<Project ToolsVersion="4.0" xmlns="http://schemas.microsoft.com/developer/msbuild/2003">
  <ItemGroup>
    <Filter Include="Blu">
      <UniqueIdentifier>{08DA870B-74E3-877C-FD5E-9E7C6967937C}</UniqueIdentifier>
    </Filter>
  </ItemGroup>
  <ItemGroup>
    <ClInclude Include="engine\src\Blu.h" />
    <ClInclude Include="engine\src\Blu\Application.h">
      <Filter>Blu</Filter>
    </ClInclude>
    <ClInclude Include="engine\src\Blu\Core.h">
      <Filter>Blu</Filter>
    </ClInclude>
    <ClInclude Include="engine\src\Blu\EntryPoint.h">
      <Filter>Blu</Filter>
    </ClInclude>
    <ClInclude Include="engine\src\Blu\Log.h">
      <Filter>Blu</Filter>
    </ClInclude>
  </ItemGroup>
  <ItemGroup>
    <ClCompile Include="engine\src\Blu\Application.cpp">
      <Filter>Blu</Filter>
    </ClCompile>
    <ClCompile Include="engine\src\Blu\Log.cpp">
      <Filter>Blu</Filter>
    </ClCompile>
  </ItemGroup>
</Project>